// !$*UTF8*$!
{
	archiveVersion = 1;
	classes = {
	};
	objectVersion = 56;
	objects = {

/* Begin PBXBuildFile section */
		4037320D9AFC008D5845DF48 /* Pods_PixabayApp_PixabayAppUITests.framework in Frameworks */ = {isa = PBXBuildFile; fileRef = 67143EA27F2A9BD130B015E5 /* Pods_PixabayApp_PixabayAppUITests.framework */; };
		47762B519AC0B79B1A63321F /* Pods_PixabayApp.framework in Frameworks */ = {isa = PBXBuildFile; fileRef = 6C042A87A21870E720C1798E /* Pods_PixabayApp.framework */; };
		6A03753B2B0DBAAB004C57F5 /* URLSessionHTTPClient.swift in Sources */ = {isa = PBXBuildFile; fileRef = 6A03753A2B0DBAAB004C57F5 /* URLSessionHTTPClient.swift */; };
		6A0375412B0DCDCB004C57F5 /* HTTPClient.swift in Sources */ = {isa = PBXBuildFile; fileRef = 6A0375402B0DCDCB004C57F5 /* HTTPClient.swift */; };
		6A0375462B0DD4F8004C57F5 /* LoginViewController.swift in Sources */ = {isa = PBXBuildFile; fileRef = 6A0375442B0DD4F8004C57F5 /* LoginViewController.swift */; };
		6A0375472B0DD4F8004C57F5 /* LoginViewController.xib in Resources */ = {isa = PBXBuildFile; fileRef = 6A0375452B0DD4F8004C57F5 /* LoginViewController.xib */; };
		6A0375522B0DF464004C57F5 /* Coordinator.swift in Sources */ = {isa = PBXBuildFile; fileRef = 6A0375512B0DF464004C57F5 /* Coordinator.swift */; };
		6A0375552B0DF520004C57F5 /* LoginCoordinator.swift in Sources */ = {isa = PBXBuildFile; fileRef = 6A0375542B0DF520004C57F5 /* LoginCoordinator.swift */; };
		6A0375572B0DF57C004C57F5 /* LoginViewModel.swift in Sources */ = {isa = PBXBuildFile; fileRef = 6A0375562B0DF57C004C57F5 /* LoginViewModel.swift */; };
		6A0375622B0E1700004C57F5 /* LoginService.swift in Sources */ = {isa = PBXBuildFile; fileRef = 6A0375612B0E1700004C57F5 /* LoginService.swift */; };
		6A0375652B0E1AA0004C57F5 /* User.swift in Sources */ = {isa = PBXBuildFile; fileRef = 6A0375642B0E1AA0004C57F5 /* User.swift */; };
		6A0375682B0F2BB5004C57F5 /* Validator.swift in Sources */ = {isa = PBXBuildFile; fileRef = 6A0375672B0F2BB5004C57F5 /* Validator.swift */; };
		6A03756B2B0F2EA4004C57F5 /* Alert+Extension.swift in Sources */ = {isa = PBXBuildFile; fileRef = 6A03756A2B0F2EA4004C57F5 /* Alert+Extension.swift */; };
		6A03756E2B0F303B004C57F5 /* KeychainManager.swift in Sources */ = {isa = PBXBuildFile; fileRef = 6A03756D2B0F303B004C57F5 /* KeychainManager.swift */; };
		6A03756F2B0F3A05004C57F5 /* Localizable.strings in Resources */ = {isa = PBXBuildFile; fileRef = 6A0375712B0F3A05004C57F5 /* Localizable.strings */; };
		6A0375752B0F4E4C004C57F5 /* HomeViewController.swift in Sources */ = {isa = PBXBuildFile; fileRef = 6A0375732B0F4E4C004C57F5 /* HomeViewController.swift */; };
		6A0375762B0F4E4C004C57F5 /* HomeViewController.xib in Resources */ = {isa = PBXBuildFile; fileRef = 6A0375742B0F4E4C004C57F5 /* HomeViewController.xib */; };
		6A03757A2B0F4E8E004C57F5 /* HomeCoordinator.swift in Sources */ = {isa = PBXBuildFile; fileRef = 6A0375792B0F4E8E004C57F5 /* HomeCoordinator.swift */; };
		6A03757C2B0F4EF7004C57F5 /* HomeViewModel.swift in Sources */ = {isa = PBXBuildFile; fileRef = 6A03757B2B0F4EF7004C57F5 /* HomeViewModel.swift */; };
		6A03757F2B0F4F1F004C57F5 /* HomeRepository.swift in Sources */ = {isa = PBXBuildFile; fileRef = 6A03757E2B0F4F1F004C57F5 /* HomeRepository.swift */; };
		6A0375862B0F5E75004C57F5 /* ImageTableViewCell.swift in Sources */ = {isa = PBXBuildFile; fileRef = 6A0375842B0F5E75004C57F5 /* ImageTableViewCell.swift */; };
		6A0375872B0F5E75004C57F5 /* ImageTableViewCell.xib in Resources */ = {isa = PBXBuildFile; fileRef = 6A0375852B0F5E75004C57F5 /* ImageTableViewCell.xib */; };
		6A0375912B0F6E8C004C57F5 /* Endpoint.swift in Sources */ = {isa = PBXBuildFile; fileRef = 6A0375902B0F6E8C004C57F5 /* Endpoint.swift */; };
		6A0375962B0F71B8004C57F5 /* URLRequest+Init.swift in Sources */ = {isa = PBXBuildFile; fileRef = 6A0375952B0F71B8004C57F5 /* URLRequest+Init.swift */; };
		6A0375982B0F71C8004C57F5 /* HTTPMethod.swift in Sources */ = {isa = PBXBuildFile; fileRef = 6A0375972B0F71C8004C57F5 /* HTTPMethod.swift */; };
		6A03759A2B0F726D004C57F5 /* URLComponents+Extension.swift in Sources */ = {isa = PBXBuildFile; fileRef = 6A0375992B0F726D004C57F5 /* URLComponents+Extension.swift */; };
		6A03759C2B0F74B5004C57F5 /* ImageModel.swift in Sources */ = {isa = PBXBuildFile; fileRef = 6A03759B2B0F74B5004C57F5 /* ImageModel.swift */; };
		6A03759E2B0F74ED004C57F5 /* HomeMapper.swift in Sources */ = {isa = PBXBuildFile; fileRef = 6A03759D2B0F74ED004C57F5 /* HomeMapper.swift */; };
		6A0375A02B0F76B2004C57F5 /* APIError.swift in Sources */ = {isa = PBXBuildFile; fileRef = 6A03759F2B0F76B2004C57F5 /* APIError.swift */; };
		6A0375A22B0F7707004C57F5 /* RemoteImageItem.swift in Sources */ = {isa = PBXBuildFile; fileRef = 6A0375A12B0F7707004C57F5 /* RemoteImageItem.swift */; };
		6A0375A52B0FA9A9004C57F5 /* UIImageView+Extension.swift in Sources */ = {isa = PBXBuildFile; fileRef = 6A0375A42B0FA9A9004C57F5 /* UIImageView+Extension.swift */; };
		6A2FCB222B0CB986005F77E1 /* AppDelegate.swift in Sources */ = {isa = PBXBuildFile; fileRef = 6A2FCB212B0CB986005F77E1 /* AppDelegate.swift */; };
		6A2FCB242B0CB986005F77E1 /* SceneDelegate.swift in Sources */ = {isa = PBXBuildFile; fileRef = 6A2FCB232B0CB986005F77E1 /* SceneDelegate.swift */; };
		6A2FCB2B2B0CB987005F77E1 /* Assets.xcassets in Resources */ = {isa = PBXBuildFile; fileRef = 6A2FCB2A2B0CB987005F77E1 /* Assets.xcassets */; };
		6A2FCB2E2B0CB987005F77E1 /* LaunchScreen.storyboard in Resources */ = {isa = PBXBuildFile; fileRef = 6A2FCB2C2B0CB987005F77E1 /* LaunchScreen.storyboard */; };
		6A2FCB392B0CB987005F77E1 /* PixabayAppTests.swift in Sources */ = {isa = PBXBuildFile; fileRef = 6A2FCB382B0CB987005F77E1 /* PixabayAppTests.swift */; };
		6A2FCB432B0CB988005F77E1 /* PixabayAppUITests.swift in Sources */ = {isa = PBXBuildFile; fileRef = 6A2FCB422B0CB988005F77E1 /* PixabayAppUITests.swift */; };
		6A2FCB452B0CB988005F77E1 /* PixabayAppUITestsLaunchTests.swift in Sources */ = {isa = PBXBuildFile; fileRef = 6A2FCB442B0CB988005F77E1 /* PixabayAppUITestsLaunchTests.swift */; };
		6A2FCB582B0CBBC0005F77E1 /* LocalizationHelper.swift in Sources */ = {isa = PBXBuildFile; fileRef = 6A2FCB572B0CBBC0005F77E1 /* LocalizationHelper.swift */; };
		6A65264F2B0FB02400EB3B51 /* DetailViewController.swift in Sources */ = {isa = PBXBuildFile; fileRef = 6A65264D2B0FB02400EB3B51 /* DetailViewController.swift */; };
		6A6526502B0FB02400EB3B51 /* DetailViewController.xib in Resources */ = {isa = PBXBuildFile; fileRef = 6A65264E2B0FB02400EB3B51 /* DetailViewController.xib */; };
		6A6526552B0FB09F00EB3B51 /* DetailCoordinator.swift in Sources */ = {isa = PBXBuildFile; fileRef = 6A6526542B0FB09F00EB3B51 /* DetailCoordinator.swift */; };
		6A6526572B0FB0F000EB3B51 /* DetailViewModel.swift in Sources */ = {isa = PBXBuildFile; fileRef = 6A6526562B0FB0F000EB3B51 /* DetailViewModel.swift */; };
		6A65265B2B0FC3F700EB3B51 /* ImageDetailFirstSectionCell.swift in Sources */ = {isa = PBXBuildFile; fileRef = 6A6526592B0FC3F700EB3B51 /* ImageDetailFirstSectionCell.swift */; };
		6A65265C2B0FC3F700EB3B51 /* ImageDetailFirstSectionCell.xib in Resources */ = {isa = PBXBuildFile; fileRef = 6A65265A2B0FC3F700EB3B51 /* ImageDetailFirstSectionCell.xib */; };
		6A6526632B0FCA8700EB3B51 /* ImageDetailSecondSectionCell.swift in Sources */ = {isa = PBXBuildFile; fileRef = 6A6526612B0FCA8700EB3B51 /* ImageDetailSecondSectionCell.swift */; };
		6A6526642B0FCA8700EB3B51 /* ImageDetailSecondSectionCell.xib in Resources */ = {isa = PBXBuildFile; fileRef = 6A6526622B0FCA8700EB3B51 /* ImageDetailSecondSectionCell.xib */; };
		6A6526672B0FD69500EB3B51 /* ImageDetailSection.swift in Sources */ = {isa = PBXBuildFile; fileRef = 6A6526662B0FD69500EB3B51 /* ImageDetailSection.swift */; };
		6A6526692B0FE7BE00EB3B51 /* ScrollableViews.swift in Sources */ = {isa = PBXBuildFile; fileRef = 6A6526682B0FE7BE00EB3B51 /* ScrollableViews.swift */; };
		6C9AE3EDDE62E9B65B17F5BB /* Pods_PixabayAppTests.framework in Frameworks */ = {isa = PBXBuildFile; fileRef = 55B3354F9669C23B859013B1 /* Pods_PixabayAppTests.framework */; };
/* End PBXBuildFile section */

/* Begin PBXContainerItemProxy section */
		6A2FCB352B0CB987005F77E1 /* PBXContainerItemProxy */ = {
			isa = PBXContainerItemProxy;
			containerPortal = 6A2FCB162B0CB986005F77E1 /* Project object */;
			proxyType = 1;
			remoteGlobalIDString = 6A2FCB1D2B0CB986005F77E1;
			remoteInfo = PixabayApp;
		};
		6A2FCB3F2B0CB988005F77E1 /* PBXContainerItemProxy */ = {
			isa = PBXContainerItemProxy;
			containerPortal = 6A2FCB162B0CB986005F77E1 /* Project object */;
			proxyType = 1;
			remoteGlobalIDString = 6A2FCB1D2B0CB986005F77E1;
			remoteInfo = PixabayApp;
		};
/* End PBXContainerItemProxy section */

/* Begin PBXFileReference section */
		339DB1E785003352E46EA069 /* Pods-PixabayApp-PixabayAppUITests.debug.xcconfig */ = {isa = PBXFileReference; includeInIndex = 1; lastKnownFileType = text.xcconfig; name = "Pods-PixabayApp-PixabayAppUITests.debug.xcconfig"; path = "Target Support Files/Pods-PixabayApp-PixabayAppUITests/Pods-PixabayApp-PixabayAppUITests.debug.xcconfig"; sourceTree = "<group>"; };
		3E59D6496F94EA7945BC3202 /* Pods-PixabayAppTests.release.xcconfig */ = {isa = PBXFileReference; includeInIndex = 1; lastKnownFileType = text.xcconfig; name = "Pods-PixabayAppTests.release.xcconfig"; path = "Target Support Files/Pods-PixabayAppTests/Pods-PixabayAppTests.release.xcconfig"; sourceTree = "<group>"; };
		55B3354F9669C23B859013B1 /* Pods_PixabayAppTests.framework */ = {isa = PBXFileReference; explicitFileType = wrapper.framework; includeInIndex = 0; path = Pods_PixabayAppTests.framework; sourceTree = BUILT_PRODUCTS_DIR; };
		6057F5AA713B37BFA439FA19 /* Pods-PixabayApp.release.xcconfig */ = {isa = PBXFileReference; includeInIndex = 1; lastKnownFileType = text.xcconfig; name = "Pods-PixabayApp.release.xcconfig"; path = "Target Support Files/Pods-PixabayApp/Pods-PixabayApp.release.xcconfig"; sourceTree = "<group>"; };
		67143EA27F2A9BD130B015E5 /* Pods_PixabayApp_PixabayAppUITests.framework */ = {isa = PBXFileReference; explicitFileType = wrapper.framework; includeInIndex = 0; path = Pods_PixabayApp_PixabayAppUITests.framework; sourceTree = BUILT_PRODUCTS_DIR; };
		6A03753A2B0DBAAB004C57F5 /* URLSessionHTTPClient.swift */ = {isa = PBXFileReference; lastKnownFileType = sourcecode.swift; path = URLSessionHTTPClient.swift; sourceTree = "<group>"; };
		6A0375402B0DCDCB004C57F5 /* HTTPClient.swift */ = {isa = PBXFileReference; lastKnownFileType = sourcecode.swift; path = HTTPClient.swift; sourceTree = "<group>"; };
		6A0375442B0DD4F8004C57F5 /* LoginViewController.swift */ = {isa = PBXFileReference; lastKnownFileType = sourcecode.swift; path = LoginViewController.swift; sourceTree = "<group>"; };
		6A0375452B0DD4F8004C57F5 /* LoginViewController.xib */ = {isa = PBXFileReference; lastKnownFileType = file.xib; path = LoginViewController.xib; sourceTree = "<group>"; };
		6A0375512B0DF464004C57F5 /* Coordinator.swift */ = {isa = PBXFileReference; lastKnownFileType = sourcecode.swift; path = Coordinator.swift; sourceTree = "<group>"; };
		6A0375542B0DF520004C57F5 /* LoginCoordinator.swift */ = {isa = PBXFileReference; lastKnownFileType = sourcecode.swift; path = LoginCoordinator.swift; sourceTree = "<group>"; };
		6A0375562B0DF57C004C57F5 /* LoginViewModel.swift */ = {isa = PBXFileReference; lastKnownFileType = sourcecode.swift; path = LoginViewModel.swift; sourceTree = "<group>"; };
		6A0375612B0E1700004C57F5 /* LoginService.swift */ = {isa = PBXFileReference; lastKnownFileType = sourcecode.swift; path = LoginService.swift; sourceTree = "<group>"; };
		6A0375642B0E1AA0004C57F5 /* User.swift */ = {isa = PBXFileReference; lastKnownFileType = sourcecode.swift; path = User.swift; sourceTree = "<group>"; };
		6A0375672B0F2BB5004C57F5 /* Validator.swift */ = {isa = PBXFileReference; lastKnownFileType = sourcecode.swift; path = Validator.swift; sourceTree = "<group>"; };
		6A03756A2B0F2EA4004C57F5 /* Alert+Extension.swift */ = {isa = PBXFileReference; lastKnownFileType = sourcecode.swift; path = "Alert+Extension.swift"; sourceTree = "<group>"; };
		6A03756D2B0F303B004C57F5 /* KeychainManager.swift */ = {isa = PBXFileReference; lastKnownFileType = sourcecode.swift; path = KeychainManager.swift; sourceTree = "<group>"; };
		6A0375702B0F3A05004C57F5 /* en */ = {isa = PBXFileReference; lastKnownFileType = text.plist.strings; name = en; path = en.lproj/Localizable.strings; sourceTree = "<group>"; };
		6A0375732B0F4E4C004C57F5 /* HomeViewController.swift */ = {isa = PBXFileReference; lastKnownFileType = sourcecode.swift; path = HomeViewController.swift; sourceTree = "<group>"; };
		6A0375742B0F4E4C004C57F5 /* HomeViewController.xib */ = {isa = PBXFileReference; lastKnownFileType = file.xib; path = HomeViewController.xib; sourceTree = "<group>"; };
		6A0375792B0F4E8E004C57F5 /* HomeCoordinator.swift */ = {isa = PBXFileReference; lastKnownFileType = sourcecode.swift; path = HomeCoordinator.swift; sourceTree = "<group>"; };
		6A03757B2B0F4EF7004C57F5 /* HomeViewModel.swift */ = {isa = PBXFileReference; lastKnownFileType = sourcecode.swift; path = HomeViewModel.swift; sourceTree = "<group>"; };
		6A03757E2B0F4F1F004C57F5 /* HomeRepository.swift */ = {isa = PBXFileReference; lastKnownFileType = sourcecode.swift; path = HomeRepository.swift; sourceTree = "<group>"; };
		6A0375842B0F5E75004C57F5 /* ImageTableViewCell.swift */ = {isa = PBXFileReference; lastKnownFileType = sourcecode.swift; path = ImageTableViewCell.swift; sourceTree = "<group>"; };
		6A0375852B0F5E75004C57F5 /* ImageTableViewCell.xib */ = {isa = PBXFileReference; lastKnownFileType = file.xib; path = ImageTableViewCell.xib; sourceTree = "<group>"; };
		6A0375902B0F6E8C004C57F5 /* Endpoint.swift */ = {isa = PBXFileReference; lastKnownFileType = sourcecode.swift; path = Endpoint.swift; sourceTree = "<group>"; };
		6A0375952B0F71B8004C57F5 /* URLRequest+Init.swift */ = {isa = PBXFileReference; lastKnownFileType = sourcecode.swift; path = "URLRequest+Init.swift"; sourceTree = "<group>"; };
		6A0375972B0F71C8004C57F5 /* HTTPMethod.swift */ = {isa = PBXFileReference; lastKnownFileType = sourcecode.swift; path = HTTPMethod.swift; sourceTree = "<group>"; };
		6A0375992B0F726D004C57F5 /* URLComponents+Extension.swift */ = {isa = PBXFileReference; lastKnownFileType = sourcecode.swift; path = "URLComponents+Extension.swift"; sourceTree = "<group>"; };
		6A03759B2B0F74B5004C57F5 /* ImageModel.swift */ = {isa = PBXFileReference; lastKnownFileType = sourcecode.swift; path = ImageModel.swift; sourceTree = "<group>"; };
		6A03759D2B0F74ED004C57F5 /* HomeMapper.swift */ = {isa = PBXFileReference; lastKnownFileType = sourcecode.swift; path = HomeMapper.swift; sourceTree = "<group>"; };
		6A03759F2B0F76B2004C57F5 /* APIError.swift */ = {isa = PBXFileReference; lastKnownFileType = sourcecode.swift; path = APIError.swift; sourceTree = "<group>"; };
		6A0375A12B0F7707004C57F5 /* RemoteImageItem.swift */ = {isa = PBXFileReference; lastKnownFileType = sourcecode.swift; path = RemoteImageItem.swift; sourceTree = "<group>"; };
		6A0375A42B0FA9A9004C57F5 /* UIImageView+Extension.swift */ = {isa = PBXFileReference; lastKnownFileType = sourcecode.swift; path = "UIImageView+Extension.swift"; sourceTree = "<group>"; };
		6A2FCB1E2B0CB986005F77E1 /* PixabayApp.app */ = {isa = PBXFileReference; explicitFileType = wrapper.application; includeInIndex = 0; path = PixabayApp.app; sourceTree = BUILT_PRODUCTS_DIR; };
		6A2FCB212B0CB986005F77E1 /* AppDelegate.swift */ = {isa = PBXFileReference; lastKnownFileType = sourcecode.swift; path = AppDelegate.swift; sourceTree = "<group>"; };
		6A2FCB232B0CB986005F77E1 /* SceneDelegate.swift */ = {isa = PBXFileReference; lastKnownFileType = sourcecode.swift; path = SceneDelegate.swift; sourceTree = "<group>"; };
		6A2FCB2A2B0CB987005F77E1 /* Assets.xcassets */ = {isa = PBXFileReference; lastKnownFileType = folder.assetcatalog; path = Assets.xcassets; sourceTree = "<group>"; };
		6A2FCB2D2B0CB987005F77E1 /* Base */ = {isa = PBXFileReference; lastKnownFileType = file.storyboard; name = Base; path = Base.lproj/LaunchScreen.storyboard; sourceTree = "<group>"; };
		6A2FCB2F2B0CB987005F77E1 /* Info.plist */ = {isa = PBXFileReference; lastKnownFileType = text.plist.xml; path = Info.plist; sourceTree = "<group>"; };
		6A2FCB342B0CB987005F77E1 /* PixabayAppTests.xctest */ = {isa = PBXFileReference; explicitFileType = wrapper.cfbundle; includeInIndex = 0; path = PixabayAppTests.xctest; sourceTree = BUILT_PRODUCTS_DIR; };
		6A2FCB382B0CB987005F77E1 /* PixabayAppTests.swift */ = {isa = PBXFileReference; lastKnownFileType = sourcecode.swift; path = PixabayAppTests.swift; sourceTree = "<group>"; };
		6A2FCB3E2B0CB988005F77E1 /* PixabayAppUITests.xctest */ = {isa = PBXFileReference; explicitFileType = wrapper.cfbundle; includeInIndex = 0; path = PixabayAppUITests.xctest; sourceTree = BUILT_PRODUCTS_DIR; };
		6A2FCB422B0CB988005F77E1 /* PixabayAppUITests.swift */ = {isa = PBXFileReference; lastKnownFileType = sourcecode.swift; path = PixabayAppUITests.swift; sourceTree = "<group>"; };
		6A2FCB442B0CB988005F77E1 /* PixabayAppUITestsLaunchTests.swift */ = {isa = PBXFileReference; lastKnownFileType = sourcecode.swift; path = PixabayAppUITestsLaunchTests.swift; sourceTree = "<group>"; };
		6A2FCB512B0CB9DD005F77E1 /* README.md */ = {isa = PBXFileReference; lastKnownFileType = net.daringfireball.markdown; path = README.md; sourceTree = "<group>"; };
		6A2FCB572B0CBBC0005F77E1 /* LocalizationHelper.swift */ = {isa = PBXFileReference; lastKnownFileType = sourcecode.swift; path = LocalizationHelper.swift; sourceTree = "<group>"; };
		6A65264D2B0FB02400EB3B51 /* DetailViewController.swift */ = {isa = PBXFileReference; lastKnownFileType = sourcecode.swift; path = DetailViewController.swift; sourceTree = "<group>"; };
		6A65264E2B0FB02400EB3B51 /* DetailViewController.xib */ = {isa = PBXFileReference; lastKnownFileType = file.xib; path = DetailViewController.xib; sourceTree = "<group>"; };
		6A6526542B0FB09F00EB3B51 /* DetailCoordinator.swift */ = {isa = PBXFileReference; lastKnownFileType = sourcecode.swift; path = DetailCoordinator.swift; sourceTree = "<group>"; };
		6A6526562B0FB0F000EB3B51 /* DetailViewModel.swift */ = {isa = PBXFileReference; lastKnownFileType = sourcecode.swift; path = DetailViewModel.swift; sourceTree = "<group>"; };
		6A6526592B0FC3F700EB3B51 /* ImageDetailFirstSectionCell.swift */ = {isa = PBXFileReference; lastKnownFileType = sourcecode.swift; path = ImageDetailFirstSectionCell.swift; sourceTree = "<group>"; };
		6A65265A2B0FC3F700EB3B51 /* ImageDetailFirstSectionCell.xib */ = {isa = PBXFileReference; lastKnownFileType = file.xib; path = ImageDetailFirstSectionCell.xib; sourceTree = "<group>"; };
		6A6526612B0FCA8700EB3B51 /* ImageDetailSecondSectionCell.swift */ = {isa = PBXFileReference; lastKnownFileType = sourcecode.swift; path = ImageDetailSecondSectionCell.swift; sourceTree = "<group>"; };
		6A6526622B0FCA8700EB3B51 /* ImageDetailSecondSectionCell.xib */ = {isa = PBXFileReference; lastKnownFileType = file.xib; path = ImageDetailSecondSectionCell.xib; sourceTree = "<group>"; };
		6A6526662B0FD69500EB3B51 /* ImageDetailSection.swift */ = {isa = PBXFileReference; lastKnownFileType = sourcecode.swift; path = ImageDetailSection.swift; sourceTree = "<group>"; };
		6A6526682B0FE7BE00EB3B51 /* ScrollableViews.swift */ = {isa = PBXFileReference; lastKnownFileType = sourcecode.swift; path = ScrollableViews.swift; sourceTree = "<group>"; };
		6C042A87A21870E720C1798E /* Pods_PixabayApp.framework */ = {isa = PBXFileReference; explicitFileType = wrapper.framework; includeInIndex = 0; path = Pods_PixabayApp.framework; sourceTree = BUILT_PRODUCTS_DIR; };
		7D2DA5291B7C9756A0F8244B /* Pods-PixabayApp.debug.xcconfig */ = {isa = PBXFileReference; includeInIndex = 1; lastKnownFileType = text.xcconfig; name = "Pods-PixabayApp.debug.xcconfig"; path = "Target Support Files/Pods-PixabayApp/Pods-PixabayApp.debug.xcconfig"; sourceTree = "<group>"; };
		9E919580DE8511224FCEAA5D /* Pods-PixabayApp-PixabayAppUITests.release.xcconfig */ = {isa = PBXFileReference; includeInIndex = 1; lastKnownFileType = text.xcconfig; name = "Pods-PixabayApp-PixabayAppUITests.release.xcconfig"; path = "Target Support Files/Pods-PixabayApp-PixabayAppUITests/Pods-PixabayApp-PixabayAppUITests.release.xcconfig"; sourceTree = "<group>"; };
		C837B0154F84357A49602D36 /* Pods-PixabayAppTests.debug.xcconfig */ = {isa = PBXFileReference; includeInIndex = 1; lastKnownFileType = text.xcconfig; name = "Pods-PixabayAppTests.debug.xcconfig"; path = "Target Support Files/Pods-PixabayAppTests/Pods-PixabayAppTests.debug.xcconfig"; sourceTree = "<group>"; };
/* End PBXFileReference section */

/* Begin PBXFrameworksBuildPhase section */
		6A2FCB1B2B0CB986005F77E1 /* Frameworks */ = {
			isa = PBXFrameworksBuildPhase;
			buildActionMask = 2147483647;
			files = (
				47762B519AC0B79B1A63321F /* Pods_PixabayApp.framework in Frameworks */,
			);
			runOnlyForDeploymentPostprocessing = 0;
		};
		6A2FCB312B0CB987005F77E1 /* Frameworks */ = {
			isa = PBXFrameworksBuildPhase;
			buildActionMask = 2147483647;
			files = (
				6C9AE3EDDE62E9B65B17F5BB /* Pods_PixabayAppTests.framework in Frameworks */,
			);
			runOnlyForDeploymentPostprocessing = 0;
		};
		6A2FCB3B2B0CB988005F77E1 /* Frameworks */ = {
			isa = PBXFrameworksBuildPhase;
			buildActionMask = 2147483647;
			files = (
				4037320D9AFC008D5845DF48 /* Pods_PixabayApp_PixabayAppUITests.framework in Frameworks */,
			);
			runOnlyForDeploymentPostprocessing = 0;
		};
/* End PBXFrameworksBuildPhase section */

/* Begin PBXGroup section */
		6A0375372B0CBFF8004C57F5 /* Api Service */ = {
			isa = PBXGroup;
			children = (
				6A03758F2B0F6E80004C57F5 /* Endpoint */,
				6A0375942B0F71B1004C57F5 /* Helper */,
				6A0375402B0DCDCB004C57F5 /* HTTPClient.swift */,
				6A03753A2B0DBAAB004C57F5 /* URLSessionHTTPClient.swift */,
			);
			path = "Api Service";
			sourceTree = "<group>";
		};
		6A0375422B0DD43A004C57F5 /* Modules */ = {
			isa = PBXGroup;
			children = (
				6A65264C2B0FAFF400EB3B51 /* Detail */,
				6A0375722B0F4E3D004C57F5 /* Home */,
				6A0375432B0DD443004C57F5 /* Login */,
			);
			path = Modules;
			sourceTree = "<group>";
		};
		6A0375432B0DD443004C57F5 /* Login */ = {
			isa = PBXGroup;
			children = (
				6A0375632B0E1A98004C57F5 /* Model */,
				6A0375602B0E16F1004C57F5 /* Service */,
				6A0375532B0DF50E004C57F5 /* Coordinator */,
				6A03754A2B0DF03E004C57F5 /* View */,
				6A0375A32B0F7A57004C57F5 /* ViewModel */,
				6A0375442B0DD4F8004C57F5 /* LoginViewController.swift */,
			);
			path = Login;
			sourceTree = "<group>";
		};
		6A03754A2B0DF03E004C57F5 /* View */ = {
			isa = PBXGroup;
			children = (
				6A0375452B0DD4F8004C57F5 /* LoginViewController.xib */,
			);
			path = View;
			sourceTree = "<group>";
		};
		6A03754F2B0DF450004C57F5 /* Generics */ = {
			isa = PBXGroup;
			children = (
				6A03756C2B0F3026004C57F5 /* Infrastructure */,
				6A0375662B0F2BA9004C57F5 /* Custom */,
				6A0375502B0DF45C004C57F5 /* Protocols */,
			);
			path = Generics;
			sourceTree = "<group>";
		};
		6A0375502B0DF45C004C57F5 /* Protocols */ = {
			isa = PBXGroup;
			children = (
				6A0375512B0DF464004C57F5 /* Coordinator.swift */,
			);
			path = Protocols;
			sourceTree = "<group>";
		};
		6A0375532B0DF50E004C57F5 /* Coordinator */ = {
			isa = PBXGroup;
			children = (
				6A0375542B0DF520004C57F5 /* LoginCoordinator.swift */,
			);
			path = Coordinator;
			sourceTree = "<group>";
		};
		6A0375602B0E16F1004C57F5 /* Service */ = {
			isa = PBXGroup;
			children = (
				6A0375612B0E1700004C57F5 /* LoginService.swift */,
			);
			path = Service;
			sourceTree = "<group>";
		};
		6A0375632B0E1A98004C57F5 /* Model */ = {
			isa = PBXGroup;
			children = (
				6A0375642B0E1AA0004C57F5 /* User.swift */,
			);
			path = Model;
			sourceTree = "<group>";
		};
		6A0375662B0F2BA9004C57F5 /* Custom */ = {
			isa = PBXGroup;
			children = (
				6A0375672B0F2BB5004C57F5 /* Validator.swift */,
			);
			path = Custom;
			sourceTree = "<group>";
		};
		6A0375692B0F2E99004C57F5 /* Extensions */ = {
			isa = PBXGroup;
			children = (
				6A03756A2B0F2EA4004C57F5 /* Alert+Extension.swift */,
				6A0375992B0F726D004C57F5 /* URLComponents+Extension.swift */,
				6A0375A42B0FA9A9004C57F5 /* UIImageView+Extension.swift */,
				6A6526682B0FE7BE00EB3B51 /* ScrollableViews.swift */,
			);
			path = Extensions;
			sourceTree = "<group>";
		};
		6A03756C2B0F3026004C57F5 /* Infrastructure */ = {
			isa = PBXGroup;
			children = (
				6A03756D2B0F303B004C57F5 /* KeychainManager.swift */,
			);
			path = Infrastructure;
			sourceTree = "<group>";
		};
		6A0375722B0F4E3D004C57F5 /* Home */ = {
			isa = PBXGroup;
			children = (
				6A03758D2B0F67B1004C57F5 /* Model */,
				6A03757D2B0F4F15004C57F5 /* Service */,
				6A0375782B0F4E7D004C57F5 /* Coordinator */,
				6A0375772B0F4E71004C57F5 /* View */,
				6A03758C2B0F6758004C57F5 /* ViewModel */,
				6A0375732B0F4E4C004C57F5 /* HomeViewController.swift */,
			);
			path = Home;
			sourceTree = "<group>";
		};
		6A0375772B0F4E71004C57F5 /* View */ = {
			isa = PBXGroup;
			children = (
				6A0375742B0F4E4C004C57F5 /* HomeViewController.xib */,
				6A65265F2B0FC45D00EB3B51 /* Cell */,
			);
			path = View;
			sourceTree = "<group>";
		};
		6A0375782B0F4E7D004C57F5 /* Coordinator */ = {
			isa = PBXGroup;
			children = (
				6A0375792B0F4E8E004C57F5 /* HomeCoordinator.swift */,
			);
			path = Coordinator;
			sourceTree = "<group>";
		};
		6A03757D2B0F4F15004C57F5 /* Service */ = {
			isa = PBXGroup;
			children = (
				6A03757E2B0F4F1F004C57F5 /* HomeRepository.swift */,
				6A03759D2B0F74ED004C57F5 /* HomeMapper.swift */,
				6A0375A12B0F7707004C57F5 /* RemoteImageItem.swift */,
			);
			path = Service;
			sourceTree = "<group>";
		};
		6A03758C2B0F6758004C57F5 /* ViewModel */ = {
			isa = PBXGroup;
			children = (
				6A03757B2B0F4EF7004C57F5 /* HomeViewModel.swift */,
			);
			path = ViewModel;
			sourceTree = "<group>";
		};
		6A03758D2B0F67B1004C57F5 /* Model */ = {
			isa = PBXGroup;
			children = (
				6A03759B2B0F74B5004C57F5 /* ImageModel.swift */,
			);
			path = Model;
			sourceTree = "<group>";
		};
		6A03758F2B0F6E80004C57F5 /* Endpoint */ = {
			isa = PBXGroup;
			children = (
				6A0375902B0F6E8C004C57F5 /* Endpoint.swift */,
			);
			path = Endpoint;
			sourceTree = "<group>";
		};
		6A0375942B0F71B1004C57F5 /* Helper */ = {
			isa = PBXGroup;
			children = (
				6A0375952B0F71B8004C57F5 /* URLRequest+Init.swift */,
				6A0375972B0F71C8004C57F5 /* HTTPMethod.swift */,
				6A03759F2B0F76B2004C57F5 /* APIError.swift */,
			);
			path = Helper;
			sourceTree = "<group>";
		};
		6A0375A32B0F7A57004C57F5 /* ViewModel */ = {
			isa = PBXGroup;
			children = (
				6A0375562B0DF57C004C57F5 /* LoginViewModel.swift */,
			);
			path = ViewModel;
			sourceTree = "<group>";
		};
		6A2FCB152B0CB986005F77E1 = {
			isa = PBXGroup;
			children = (
				6A2FCB512B0CB9DD005F77E1 /* README.md */,
				6A2FCB202B0CB986005F77E1 /* PixabayApp */,
				6A2FCB372B0CB987005F77E1 /* PixabayAppTests */,
				6A2FCB412B0CB988005F77E1 /* PixabayAppUITests */,
				6A2FCB1F2B0CB986005F77E1 /* Products */,
				CDD79407A3AE1937AB3BAE58 /* Pods */,
				8759F4E393E56452E5DFA964 /* Frameworks */,
			);
			sourceTree = "<group>";
		};
		6A2FCB1F2B0CB986005F77E1 /* Products */ = {
			isa = PBXGroup;
			children = (
				6A2FCB1E2B0CB986005F77E1 /* PixabayApp.app */,
				6A2FCB342B0CB987005F77E1 /* PixabayAppTests.xctest */,
				6A2FCB3E2B0CB988005F77E1 /* PixabayAppUITests.xctest */,
			);
			name = Products;
			sourceTree = "<group>";
		};
		6A2FCB202B0CB986005F77E1 /* PixabayApp */ = {
			isa = PBXGroup;
			children = (
				6A2FCB522B0CBAA6005F77E1 /* AppDelegate */,
				6A0375422B0DD43A004C57F5 /* Modules */,
				6A0375372B0CBFF8004C57F5 /* Api Service */,
				6A03754F2B0DF450004C57F5 /* Generics */,
				6A0375692B0F2E99004C57F5 /* Extensions */,
				6A2FCB532B0CBAC3005F77E1 /* Resources */,
			);
			path = PixabayApp;
			sourceTree = "<group>";
		};
		6A2FCB372B0CB987005F77E1 /* PixabayAppTests */ = {
			isa = PBXGroup;
			children = (
				6A2FCB382B0CB987005F77E1 /* PixabayAppTests.swift */,
			);
			path = PixabayAppTests;
			sourceTree = "<group>";
		};
		6A2FCB412B0CB988005F77E1 /* PixabayAppUITests */ = {
			isa = PBXGroup;
			children = (
				6A2FCB422B0CB988005F77E1 /* PixabayAppUITests.swift */,
				6A2FCB442B0CB988005F77E1 /* PixabayAppUITestsLaunchTests.swift */,
			);
			path = PixabayAppUITests;
			sourceTree = "<group>";
		};
		6A2FCB522B0CBAA6005F77E1 /* AppDelegate */ = {
			isa = PBXGroup;
			children = (
				6A2FCB212B0CB986005F77E1 /* AppDelegate.swift */,
				6A2FCB232B0CB986005F77E1 /* SceneDelegate.swift */,
			);
			path = AppDelegate;
			sourceTree = "<group>";
		};
		6A2FCB532B0CBAC3005F77E1 /* Resources */ = {
			isa = PBXGroup;
			children = (
				6A2FCB562B0CBB9C005F77E1 /* Localization */,
				6A2FCB2A2B0CB987005F77E1 /* Assets.xcassets */,
				6A2FCB2C2B0CB987005F77E1 /* LaunchScreen.storyboard */,
				6A2FCB2F2B0CB987005F77E1 /* Info.plist */,
			);
			path = Resources;
			sourceTree = "<group>";
		};
		6A2FCB562B0CBB9C005F77E1 /* Localization */ = {
			isa = PBXGroup;
			children = (
				6A0375712B0F3A05004C57F5 /* Localizable.strings */,
				6A2FCB572B0CBBC0005F77E1 /* LocalizationHelper.swift */,
			);
			path = Localization;
			sourceTree = "<group>";
		};
		6A65264C2B0FAFF400EB3B51 /* Detail */ = {
			isa = PBXGroup;
			children = (
				6A6526652B0FD68900EB3B51 /* Helper */,
				6A6526532B0FB08F00EB3B51 /* Coordinator */,
				6A6526522B0FB08600EB3B51 /* View */,
				6A6526512B0FB07E00EB3B51 /* ViewModel */,
				6A65264D2B0FB02400EB3B51 /* DetailViewController.swift */,
			);
			path = Detail;
			sourceTree = "<group>";
		};
		6A6526512B0FB07E00EB3B51 /* ViewModel */ = {
			isa = PBXGroup;
			children = (
				6A6526562B0FB0F000EB3B51 /* DetailViewModel.swift */,
			);
			path = ViewModel;
			sourceTree = "<group>";
		};
		6A6526522B0FB08600EB3B51 /* View */ = {
			isa = PBXGroup;
			children = (
				6A65264E2B0FB02400EB3B51 /* DetailViewController.xib */,
				6A6526602B0FCA5E00EB3B51 /* Section2 */,
				6A65265E2B0FC40300EB3B51 /* Section1 */,
			);
			path = View;
			sourceTree = "<group>";
		};
		6A6526532B0FB08F00EB3B51 /* Coordinator */ = {
			isa = PBXGroup;
			children = (
				6A6526542B0FB09F00EB3B51 /* DetailCoordinator.swift */,
			);
			path = Coordinator;
			sourceTree = "<group>";
		};
		6A65265E2B0FC40300EB3B51 /* Section1 */ = {
			isa = PBXGroup;
			children = (
				6A6526592B0FC3F700EB3B51 /* ImageDetailFirstSectionCell.swift */,
				6A65265A2B0FC3F700EB3B51 /* ImageDetailFirstSectionCell.xib */,
			);
			path = Section1;
			sourceTree = "<group>";
		};
		6A65265F2B0FC45D00EB3B51 /* Cell */ = {
			isa = PBXGroup;
			children = (
				6A0375842B0F5E75004C57F5 /* ImageTableViewCell.swift */,
				6A0375852B0F5E75004C57F5 /* ImageTableViewCell.xib */,
			);
			path = Cell;
			sourceTree = "<group>";
		};
		6A6526602B0FCA5E00EB3B51 /* Section2 */ = {
			isa = PBXGroup;
			children = (
				6A6526612B0FCA8700EB3B51 /* ImageDetailSecondSectionCell.swift */,
				6A6526622B0FCA8700EB3B51 /* ImageDetailSecondSectionCell.xib */,
			);
			path = Section2;
			sourceTree = "<group>";
		};
		6A6526652B0FD68900EB3B51 /* Helper */ = {
			isa = PBXGroup;
			children = (
				6A6526662B0FD69500EB3B51 /* ImageDetailSection.swift */,
			);
			path = Helper;
			sourceTree = "<group>";
		};
		8759F4E393E56452E5DFA964 /* Frameworks */ = {
			isa = PBXGroup;
			children = (
				6C042A87A21870E720C1798E /* Pods_PixabayApp.framework */,
				67143EA27F2A9BD130B015E5 /* Pods_PixabayApp_PixabayAppUITests.framework */,
				55B3354F9669C23B859013B1 /* Pods_PixabayAppTests.framework */,
			);
			name = Frameworks;
			sourceTree = "<group>";
		};
		CDD79407A3AE1937AB3BAE58 /* Pods */ = {
			isa = PBXGroup;
			children = (
				7D2DA5291B7C9756A0F8244B /* Pods-PixabayApp.debug.xcconfig */,
				6057F5AA713B37BFA439FA19 /* Pods-PixabayApp.release.xcconfig */,
				339DB1E785003352E46EA069 /* Pods-PixabayApp-PixabayAppUITests.debug.xcconfig */,
				9E919580DE8511224FCEAA5D /* Pods-PixabayApp-PixabayAppUITests.release.xcconfig */,
				C837B0154F84357A49602D36 /* Pods-PixabayAppTests.debug.xcconfig */,
				3E59D6496F94EA7945BC3202 /* Pods-PixabayAppTests.release.xcconfig */,
			);
			path = Pods;
			sourceTree = "<group>";
		};
/* End PBXGroup section */

/* Begin PBXNativeTarget section */
		6A2FCB1D2B0CB986005F77E1 /* PixabayApp */ = {
			isa = PBXNativeTarget;
			buildConfigurationList = 6A2FCB482B0CB988005F77E1 /* Build configuration list for PBXNativeTarget "PixabayApp" */;
			buildPhases = (
				68E63D7E98CCA82ADE6752CA /* [CP] Check Pods Manifest.lock */,
				6A2FCB1A2B0CB986005F77E1 /* Sources */,
				6A2FCB1B2B0CB986005F77E1 /* Frameworks */,
				6A2FCB1C2B0CB986005F77E1 /* Resources */,
				D03DF954470B22F649D89CD5 /* [CP] Embed Pods Frameworks */,
			);
			buildRules = (
			);
			dependencies = (
			);
			name = PixabayApp;
			productName = PixabayApp;
			productReference = 6A2FCB1E2B0CB986005F77E1 /* PixabayApp.app */;
			productType = "com.apple.product-type.application";
		};
		6A2FCB332B0CB987005F77E1 /* PixabayAppTests */ = {
			isa = PBXNativeTarget;
			buildConfigurationList = 6A2FCB4B2B0CB988005F77E1 /* Build configuration list for PBXNativeTarget "PixabayAppTests" */;
			buildPhases = (
				541AFAEAF7D6406F9FF2B77C /* [CP] Check Pods Manifest.lock */,
				6A2FCB302B0CB987005F77E1 /* Sources */,
				6A2FCB312B0CB987005F77E1 /* Frameworks */,
				6A2FCB322B0CB987005F77E1 /* Resources */,
			);
			buildRules = (
			);
			dependencies = (
				6A2FCB362B0CB987005F77E1 /* PBXTargetDependency */,
			);
			name = PixabayAppTests;
			productName = PixabayAppTests;
			productReference = 6A2FCB342B0CB987005F77E1 /* PixabayAppTests.xctest */;
			productType = "com.apple.product-type.bundle.unit-test";
		};
		6A2FCB3D2B0CB988005F77E1 /* PixabayAppUITests */ = {
			isa = PBXNativeTarget;
			buildConfigurationList = 6A2FCB4E2B0CB988005F77E1 /* Build configuration list for PBXNativeTarget "PixabayAppUITests" */;
			buildPhases = (
				8FF366BEF99470E8CB341DFE /* [CP] Check Pods Manifest.lock */,
				6A2FCB3A2B0CB988005F77E1 /* Sources */,
				6A2FCB3B2B0CB988005F77E1 /* Frameworks */,
				6A2FCB3C2B0CB988005F77E1 /* Resources */,
				C6F99D8B4E431D58064257BA /* [CP] Embed Pods Frameworks */,
			);
			buildRules = (
			);
			dependencies = (
				6A2FCB402B0CB988005F77E1 /* PBXTargetDependency */,
			);
			name = PixabayAppUITests;
			productName = PixabayAppUITests;
			productReference = 6A2FCB3E2B0CB988005F77E1 /* PixabayAppUITests.xctest */;
			productType = "com.apple.product-type.bundle.ui-testing";
		};
/* End PBXNativeTarget section */

/* Begin PBXProject section */
		6A2FCB162B0CB986005F77E1 /* Project object */ = {
			isa = PBXProject;
			attributes = {
				BuildIndependentTargetsInParallel = 1;
				LastSwiftUpdateCheck = 1500;
				LastUpgradeCheck = 1500;
				TargetAttributes = {
					6A2FCB1D2B0CB986005F77E1 = {
						CreatedOnToolsVersion = 15.0.1;
					};
					6A2FCB332B0CB987005F77E1 = {
						CreatedOnToolsVersion = 15.0.1;
						TestTargetID = 6A2FCB1D2B0CB986005F77E1;
					};
					6A2FCB3D2B0CB988005F77E1 = {
						CreatedOnToolsVersion = 15.0.1;
						TestTargetID = 6A2FCB1D2B0CB986005F77E1;
					};
				};
			};
			buildConfigurationList = 6A2FCB192B0CB986005F77E1 /* Build configuration list for PBXProject "PixabayApp" */;
			compatibilityVersion = "Xcode 14.0";
			developmentRegion = en;
			hasScannedForEncodings = 0;
			knownRegions = (
				en,
				Base,
			);
			mainGroup = 6A2FCB152B0CB986005F77E1;
			productRefGroup = 6A2FCB1F2B0CB986005F77E1 /* Products */;
			projectDirPath = "";
			projectRoot = "";
			targets = (
				6A2FCB1D2B0CB986005F77E1 /* PixabayApp */,
				6A2FCB332B0CB987005F77E1 /* PixabayAppTests */,
				6A2FCB3D2B0CB988005F77E1 /* PixabayAppUITests */,
			);
		};
/* End PBXProject section */

/* Begin PBXResourcesBuildPhase section */
		6A2FCB1C2B0CB986005F77E1 /* Resources */ = {
			isa = PBXResourcesBuildPhase;
			buildActionMask = 2147483647;
			files = (
				6A0375872B0F5E75004C57F5 /* ImageTableViewCell.xib in Resources */,
				6A0375472B0DD4F8004C57F5 /* LoginViewController.xib in Resources */,
				6A6526502B0FB02400EB3B51 /* DetailViewController.xib in Resources */,
				6A65265C2B0FC3F700EB3B51 /* ImageDetailFirstSectionCell.xib in Resources */,
				6A6526642B0FCA8700EB3B51 /* ImageDetailSecondSectionCell.xib in Resources */,
				6A2FCB2E2B0CB987005F77E1 /* LaunchScreen.storyboard in Resources */,
				6A0375762B0F4E4C004C57F5 /* HomeViewController.xib in Resources */,
				6A03756F2B0F3A05004C57F5 /* Localizable.strings in Resources */,
				6A2FCB2B2B0CB987005F77E1 /* Assets.xcassets in Resources */,
			);
			runOnlyForDeploymentPostprocessing = 0;
		};
		6A2FCB322B0CB987005F77E1 /* Resources */ = {
			isa = PBXResourcesBuildPhase;
			buildActionMask = 2147483647;
			files = (
			);
			runOnlyForDeploymentPostprocessing = 0;
		};
		6A2FCB3C2B0CB988005F77E1 /* Resources */ = {
			isa = PBXResourcesBuildPhase;
			buildActionMask = 2147483647;
			files = (
			);
			runOnlyForDeploymentPostprocessing = 0;
		};
/* End PBXResourcesBuildPhase section */

/* Begin PBXShellScriptBuildPhase section */
		541AFAEAF7D6406F9FF2B77C /* [CP] Check Pods Manifest.lock */ = {
			isa = PBXShellScriptBuildPhase;
			buildActionMask = 2147483647;
			files = (
			);
			inputFileListPaths = (
			);
			inputPaths = (
				"${PODS_PODFILE_DIR_PATH}/Podfile.lock",
				"${PODS_ROOT}/Manifest.lock",
			);
			name = "[CP] Check Pods Manifest.lock";
			outputFileListPaths = (
			);
			outputPaths = (
				"$(DERIVED_FILE_DIR)/Pods-PixabayAppTests-checkManifestLockResult.txt",
			);
			runOnlyForDeploymentPostprocessing = 0;
			shellPath = /bin/sh;
			shellScript = "diff \"${PODS_PODFILE_DIR_PATH}/Podfile.lock\" \"${PODS_ROOT}/Manifest.lock\" > /dev/null\nif [ $? != 0 ] ; then\n    # print error to STDERR\n    echo \"error: The sandbox is not in sync with the Podfile.lock. Run 'pod install' or update your CocoaPods installation.\" >&2\n    exit 1\nfi\n# This output is used by Xcode 'outputs' to avoid re-running this script phase.\necho \"SUCCESS\" > \"${SCRIPT_OUTPUT_FILE_0}\"\n";
			showEnvVarsInLog = 0;
		};
		68E63D7E98CCA82ADE6752CA /* [CP] Check Pods Manifest.lock */ = {
			isa = PBXShellScriptBuildPhase;
			buildActionMask = 2147483647;
			files = (
			);
			inputFileListPaths = (
			);
			inputPaths = (
				"${PODS_PODFILE_DIR_PATH}/Podfile.lock",
				"${PODS_ROOT}/Manifest.lock",
			);
			name = "[CP] Check Pods Manifest.lock";
			outputFileListPaths = (
			);
			outputPaths = (
				"$(DERIVED_FILE_DIR)/Pods-PixabayApp-checkManifestLockResult.txt",
			);
			runOnlyForDeploymentPostprocessing = 0;
			shellPath = /bin/sh;
			shellScript = "diff \"${PODS_PODFILE_DIR_PATH}/Podfile.lock\" \"${PODS_ROOT}/Manifest.lock\" > /dev/null\nif [ $? != 0 ] ; then\n    # print error to STDERR\n    echo \"error: The sandbox is not in sync with the Podfile.lock. Run 'pod install' or update your CocoaPods installation.\" >&2\n    exit 1\nfi\n# This output is used by Xcode 'outputs' to avoid re-running this script phase.\necho \"SUCCESS\" > \"${SCRIPT_OUTPUT_FILE_0}\"\n";
			showEnvVarsInLog = 0;
		};
		8FF366BEF99470E8CB341DFE /* [CP] Check Pods Manifest.lock */ = {
			isa = PBXShellScriptBuildPhase;
			buildActionMask = 2147483647;
			files = (
			);
			inputFileListPaths = (
			);
			inputPaths = (
				"${PODS_PODFILE_DIR_PATH}/Podfile.lock",
				"${PODS_ROOT}/Manifest.lock",
			);
			name = "[CP] Check Pods Manifest.lock";
			outputFileListPaths = (
			);
			outputPaths = (
				"$(DERIVED_FILE_DIR)/Pods-PixabayApp-PixabayAppUITests-checkManifestLockResult.txt",
			);
			runOnlyForDeploymentPostprocessing = 0;
			shellPath = /bin/sh;
			shellScript = "diff \"${PODS_PODFILE_DIR_PATH}/Podfile.lock\" \"${PODS_ROOT}/Manifest.lock\" > /dev/null\nif [ $? != 0 ] ; then\n    # print error to STDERR\n    echo \"error: The sandbox is not in sync with the Podfile.lock. Run 'pod install' or update your CocoaPods installation.\" >&2\n    exit 1\nfi\n# This output is used by Xcode 'outputs' to avoid re-running this script phase.\necho \"SUCCESS\" > \"${SCRIPT_OUTPUT_FILE_0}\"\n";
			showEnvVarsInLog = 0;
		};
		C6F99D8B4E431D58064257BA /* [CP] Embed Pods Frameworks */ = {
			isa = PBXShellScriptBuildPhase;
			buildActionMask = 2147483647;
			files = (
			);
			inputFileListPaths = (
				"${PODS_ROOT}/Target Support Files/Pods-PixabayApp-PixabayAppUITests/Pods-PixabayApp-PixabayAppUITests-frameworks-${CONFIGURATION}-input-files.xcfilelist",
			);
			name = "[CP] Embed Pods Frameworks";
			outputFileListPaths = (
				"${PODS_ROOT}/Target Support Files/Pods-PixabayApp-PixabayAppUITests/Pods-PixabayApp-PixabayAppUITests-frameworks-${CONFIGURATION}-output-files.xcfilelist",
			);
			runOnlyForDeploymentPostprocessing = 0;
			shellPath = /bin/sh;
			shellScript = "\"${PODS_ROOT}/Target Support Files/Pods-PixabayApp-PixabayAppUITests/Pods-PixabayApp-PixabayAppUITests-frameworks.sh\"\n";
			showEnvVarsInLog = 0;
		};
		D03DF954470B22F649D89CD5 /* [CP] Embed Pods Frameworks */ = {
			isa = PBXShellScriptBuildPhase;
			buildActionMask = 2147483647;
			files = (
			);
			inputFileListPaths = (
				"${PODS_ROOT}/Target Support Files/Pods-PixabayApp/Pods-PixabayApp-frameworks-${CONFIGURATION}-input-files.xcfilelist",
			);
			name = "[CP] Embed Pods Frameworks";
			outputFileListPaths = (
				"${PODS_ROOT}/Target Support Files/Pods-PixabayApp/Pods-PixabayApp-frameworks-${CONFIGURATION}-output-files.xcfilelist",
			);
			runOnlyForDeploymentPostprocessing = 0;
			shellPath = /bin/sh;
			shellScript = "\"${PODS_ROOT}/Target Support Files/Pods-PixabayApp/Pods-PixabayApp-frameworks.sh\"\n";
			showEnvVarsInLog = 0;
		};
/* End PBXShellScriptBuildPhase section */

/* Begin PBXSourcesBuildPhase section */
		6A2FCB1A2B0CB986005F77E1 /* Sources */ = {
			isa = PBXSourcesBuildPhase;
			buildActionMask = 2147483647;
			files = (
				6A03757C2B0F4EF7004C57F5 /* HomeViewModel.swift in Sources */,
				6A0375522B0DF464004C57F5 /* Coordinator.swift in Sources */,
				6A0375A52B0FA9A9004C57F5 /* UIImageView+Extension.swift in Sources */,
				6A6526632B0FCA8700EB3B51 /* ImageDetailSecondSectionCell.swift in Sources */,
				6A6526552B0FB09F00EB3B51 /* DetailCoordinator.swift in Sources */,
				6A03756B2B0F2EA4004C57F5 /* Alert+Extension.swift in Sources */,
				6A0375A22B0F7707004C57F5 /* RemoteImageItem.swift in Sources */,
				6A0375462B0DD4F8004C57F5 /* LoginViewController.swift in Sources */,
				6A2FCB222B0CB986005F77E1 /* AppDelegate.swift in Sources */,
				6A0375412B0DCDCB004C57F5 /* HTTPClient.swift in Sources */,
				6A03757F2B0F4F1F004C57F5 /* HomeRepository.swift in Sources */,
				6A65264F2B0FB02400EB3B51 /* DetailViewController.swift in Sources */,
				6A03759C2B0F74B5004C57F5 /* ImageModel.swift in Sources */,
				6A0375752B0F4E4C004C57F5 /* HomeViewController.swift in Sources */,
				6A65265B2B0FC3F700EB3B51 /* ImageDetailFirstSectionCell.swift in Sources */,
				6A6526572B0FB0F000EB3B51 /* DetailViewModel.swift in Sources */,
				6A0375682B0F2BB5004C57F5 /* Validator.swift in Sources */,
				6A2FCB242B0CB986005F77E1 /* SceneDelegate.swift in Sources */,
				6A2FCB582B0CBBC0005F77E1 /* LocalizationHelper.swift in Sources */,
				6A0375622B0E1700004C57F5 /* LoginService.swift in Sources */,
				6A0375862B0F5E75004C57F5 /* ImageTableViewCell.swift in Sources */,
				6A03756E2B0F303B004C57F5 /* KeychainManager.swift in Sources */,
				6A0375982B0F71C8004C57F5 /* HTTPMethod.swift in Sources */,
				6A03759E2B0F74ED004C57F5 /* HomeMapper.swift in Sources */,
				6A0375912B0F6E8C004C57F5 /* Endpoint.swift in Sources */,
				6A0375962B0F71B8004C57F5 /* URLRequest+Init.swift in Sources */,
				6A0375552B0DF520004C57F5 /* LoginCoordinator.swift in Sources */,
				6A03759A2B0F726D004C57F5 /* URLComponents+Extension.swift in Sources */,
				6A6526672B0FD69500EB3B51 /* ImageDetailSection.swift in Sources */,
				6A0375652B0E1AA0004C57F5 /* User.swift in Sources */,
				6A03757A2B0F4E8E004C57F5 /* HomeCoordinator.swift in Sources */,
				6A6526692B0FE7BE00EB3B51 /* ScrollableViews.swift in Sources */,
				6A03753B2B0DBAAB004C57F5 /* URLSessionHTTPClient.swift in Sources */,
				6A0375572B0DF57C004C57F5 /* LoginViewModel.swift in Sources */,
				6A0375A02B0F76B2004C57F5 /* APIError.swift in Sources */,
			);
			runOnlyForDeploymentPostprocessing = 0;
		};
		6A2FCB302B0CB987005F77E1 /* Sources */ = {
			isa = PBXSourcesBuildPhase;
			buildActionMask = 2147483647;
			files = (
				6A2FCB392B0CB987005F77E1 /* PixabayAppTests.swift in Sources */,
			);
			runOnlyForDeploymentPostprocessing = 0;
		};
		6A2FCB3A2B0CB988005F77E1 /* Sources */ = {
			isa = PBXSourcesBuildPhase;
			buildActionMask = 2147483647;
			files = (
				6A2FCB432B0CB988005F77E1 /* PixabayAppUITests.swift in Sources */,
				6A2FCB452B0CB988005F77E1 /* PixabayAppUITestsLaunchTests.swift in Sources */,
			);
			runOnlyForDeploymentPostprocessing = 0;
		};
/* End PBXSourcesBuildPhase section */

/* Begin PBXTargetDependency section */
		6A2FCB362B0CB987005F77E1 /* PBXTargetDependency */ = {
			isa = PBXTargetDependency;
			target = 6A2FCB1D2B0CB986005F77E1 /* PixabayApp */;
			targetProxy = 6A2FCB352B0CB987005F77E1 /* PBXContainerItemProxy */;
		};
		6A2FCB402B0CB988005F77E1 /* PBXTargetDependency */ = {
			isa = PBXTargetDependency;
			target = 6A2FCB1D2B0CB986005F77E1 /* PixabayApp */;
			targetProxy = 6A2FCB3F2B0CB988005F77E1 /* PBXContainerItemProxy */;
		};
/* End PBXTargetDependency section */

/* Begin PBXVariantGroup section */
		6A0375712B0F3A05004C57F5 /* Localizable.strings */ = {
			isa = PBXVariantGroup;
			children = (
				6A0375702B0F3A05004C57F5 /* en */,
			);
			name = Localizable.strings;
			sourceTree = "<group>";
		};
		6A2FCB2C2B0CB987005F77E1 /* LaunchScreen.storyboard */ = {
			isa = PBXVariantGroup;
			children = (
				6A2FCB2D2B0CB987005F77E1 /* Base */,
			);
			name = LaunchScreen.storyboard;
			sourceTree = "<group>";
		};
/* End PBXVariantGroup section */

/* Begin XCBuildConfiguration section */
		6A2FCB462B0CB988005F77E1 /* Debug */ = {
			isa = XCBuildConfiguration;
			buildSettings = {
				ALWAYS_SEARCH_USER_PATHS = NO;
				ASSETCATALOG_COMPILER_GENERATE_SWIFT_ASSET_SYMBOL_EXTENSIONS = YES;
				CLANG_ANALYZER_NONNULL = YES;
				CLANG_ANALYZER_NUMBER_OBJECT_CONVERSION = YES_AGGRESSIVE;
				CLANG_CXX_LANGUAGE_STANDARD = "gnu++20";
				CLANG_ENABLE_MODULES = YES;
				CLANG_ENABLE_OBJC_ARC = YES;
				CLANG_ENABLE_OBJC_WEAK = YES;
				CLANG_WARN_BLOCK_CAPTURE_AUTORELEASING = YES;
				CLANG_WARN_BOOL_CONVERSION = YES;
				CLANG_WARN_COMMA = YES;
				CLANG_WARN_CONSTANT_CONVERSION = YES;
				CLANG_WARN_DEPRECATED_OBJC_IMPLEMENTATIONS = YES;
				CLANG_WARN_DIRECT_OBJC_ISA_USAGE = YES_ERROR;
				CLANG_WARN_DOCUMENTATION_COMMENTS = YES;
				CLANG_WARN_EMPTY_BODY = YES;
				CLANG_WARN_ENUM_CONVERSION = YES;
				CLANG_WARN_INFINITE_RECURSION = YES;
				CLANG_WARN_INT_CONVERSION = YES;
				CLANG_WARN_NON_LITERAL_NULL_CONVERSION = YES;
				CLANG_WARN_OBJC_IMPLICIT_RETAIN_SELF = YES;
				CLANG_WARN_OBJC_LITERAL_CONVERSION = YES;
				CLANG_WARN_OBJC_ROOT_CLASS = YES_ERROR;
				CLANG_WARN_QUOTED_INCLUDE_IN_FRAMEWORK_HEADER = YES;
				CLANG_WARN_RANGE_LOOP_ANALYSIS = YES;
				CLANG_WARN_STRICT_PROTOTYPES = YES;
				CLANG_WARN_SUSPICIOUS_MOVE = YES;
				CLANG_WARN_UNGUARDED_AVAILABILITY = YES_AGGRESSIVE;
				CLANG_WARN_UNREACHABLE_CODE = YES;
				CLANG_WARN__DUPLICATE_METHOD_MATCH = YES;
				COPY_PHASE_STRIP = NO;
				DEBUG_INFORMATION_FORMAT = dwarf;
				ENABLE_STRICT_OBJC_MSGSEND = YES;
				ENABLE_TESTABILITY = YES;
				ENABLE_USER_SCRIPT_SANDBOXING = YES;
				GCC_C_LANGUAGE_STANDARD = gnu17;
				GCC_DYNAMIC_NO_PIC = NO;
				GCC_NO_COMMON_BLOCKS = YES;
				GCC_OPTIMIZATION_LEVEL = 0;
				GCC_PREPROCESSOR_DEFINITIONS = (
					"DEBUG=1",
					"$(inherited)",
				);
				GCC_WARN_64_TO_32_BIT_CONVERSION = YES;
				GCC_WARN_ABOUT_RETURN_TYPE = YES_ERROR;
				GCC_WARN_UNDECLARED_SELECTOR = YES;
				GCC_WARN_UNINITIALIZED_AUTOS = YES_AGGRESSIVE;
				GCC_WARN_UNUSED_FUNCTION = YES;
				GCC_WARN_UNUSED_VARIABLE = YES;
				IPHONEOS_DEPLOYMENT_TARGET = 14.0;
				LOCALIZATION_PREFERS_STRING_CATALOGS = YES;
				MTL_ENABLE_DEBUG_INFO = INCLUDE_SOURCE;
				MTL_FAST_MATH = YES;
				ONLY_ACTIVE_ARCH = YES;
				SDKROOT = iphoneos;
				SWIFT_ACTIVE_COMPILATION_CONDITIONS = "DEBUG $(inherited)";
				SWIFT_OPTIMIZATION_LEVEL = "-Onone";
			};
			name = Debug;
		};
		6A2FCB472B0CB988005F77E1 /* Release */ = {
			isa = XCBuildConfiguration;
			buildSettings = {
				ALWAYS_SEARCH_USER_PATHS = NO;
				ASSETCATALOG_COMPILER_GENERATE_SWIFT_ASSET_SYMBOL_EXTENSIONS = YES;
				CLANG_ANALYZER_NONNULL = YES;
				CLANG_ANALYZER_NUMBER_OBJECT_CONVERSION = YES_AGGRESSIVE;
				CLANG_CXX_LANGUAGE_STANDARD = "gnu++20";
				CLANG_ENABLE_MODULES = YES;
				CLANG_ENABLE_OBJC_ARC = YES;
				CLANG_ENABLE_OBJC_WEAK = YES;
				CLANG_WARN_BLOCK_CAPTURE_AUTORELEASING = YES;
				CLANG_WARN_BOOL_CONVERSION = YES;
				CLANG_WARN_COMMA = YES;
				CLANG_WARN_CONSTANT_CONVERSION = YES;
				CLANG_WARN_DEPRECATED_OBJC_IMPLEMENTATIONS = YES;
				CLANG_WARN_DIRECT_OBJC_ISA_USAGE = YES_ERROR;
				CLANG_WARN_DOCUMENTATION_COMMENTS = YES;
				CLANG_WARN_EMPTY_BODY = YES;
				CLANG_WARN_ENUM_CONVERSION = YES;
				CLANG_WARN_INFINITE_RECURSION = YES;
				CLANG_WARN_INT_CONVERSION = YES;
				CLANG_WARN_NON_LITERAL_NULL_CONVERSION = YES;
				CLANG_WARN_OBJC_IMPLICIT_RETAIN_SELF = YES;
				CLANG_WARN_OBJC_LITERAL_CONVERSION = YES;
				CLANG_WARN_OBJC_ROOT_CLASS = YES_ERROR;
				CLANG_WARN_QUOTED_INCLUDE_IN_FRAMEWORK_HEADER = YES;
				CLANG_WARN_RANGE_LOOP_ANALYSIS = YES;
				CLANG_WARN_STRICT_PROTOTYPES = YES;
				CLANG_WARN_SUSPICIOUS_MOVE = YES;
				CLANG_WARN_UNGUARDED_AVAILABILITY = YES_AGGRESSIVE;
				CLANG_WARN_UNREACHABLE_CODE = YES;
				CLANG_WARN__DUPLICATE_METHOD_MATCH = YES;
				COPY_PHASE_STRIP = NO;
				DEBUG_INFORMATION_FORMAT = "dwarf-with-dsym";
				ENABLE_NS_ASSERTIONS = NO;
				ENABLE_STRICT_OBJC_MSGSEND = YES;
				ENABLE_USER_SCRIPT_SANDBOXING = YES;
				GCC_C_LANGUAGE_STANDARD = gnu17;
				GCC_NO_COMMON_BLOCKS = YES;
				GCC_WARN_64_TO_32_BIT_CONVERSION = YES;
				GCC_WARN_ABOUT_RETURN_TYPE = YES_ERROR;
				GCC_WARN_UNDECLARED_SELECTOR = YES;
				GCC_WARN_UNINITIALIZED_AUTOS = YES_AGGRESSIVE;
				GCC_WARN_UNUSED_FUNCTION = YES;
				GCC_WARN_UNUSED_VARIABLE = YES;
				IPHONEOS_DEPLOYMENT_TARGET = 14.0;
				LOCALIZATION_PREFERS_STRING_CATALOGS = YES;
				MTL_ENABLE_DEBUG_INFO = NO;
				MTL_FAST_MATH = YES;
				SDKROOT = iphoneos;
				SWIFT_COMPILATION_MODE = wholemodule;
				VALIDATE_PRODUCT = YES;
			};
			name = Release;
		};
		6A2FCB492B0CB988005F77E1 /* Debug */ = {
			isa = XCBuildConfiguration;
			baseConfigurationReference = 7D2DA5291B7C9756A0F8244B /* Pods-PixabayApp.debug.xcconfig */;
			buildSettings = {
				ASSETCATALOG_COMPILER_APPICON_NAME = AppIcon;
				ASSETCATALOG_COMPILER_GLOBAL_ACCENT_COLOR_NAME = AccentColor;
				CODE_SIGN_STYLE = Automatic;
				CURRENT_PROJECT_VERSION = 1;
				DEVELOPMENT_TEAM = CB6VC9Q2Z4;
				ENABLE_USER_SCRIPT_SANDBOXING = NO;
				GENERATE_INFOPLIST_FILE = YES;
				INFOPLIST_FILE = PixabayApp/Resources/Info.plist;
				INFOPLIST_KEY_UIApplicationSupportsIndirectInputEvents = YES;
				INFOPLIST_KEY_UILaunchStoryboardName = LaunchScreen;
				INFOPLIST_KEY_UISupportedInterfaceOrientations_iPad = "UIInterfaceOrientationPortrait UIInterfaceOrientationPortraitUpsideDown UIInterfaceOrientationLandscapeLeft UIInterfaceOrientationLandscapeRight";
				INFOPLIST_KEY_UISupportedInterfaceOrientations_iPhone = "UIInterfaceOrientationPortrait UIInterfaceOrientationLandscapeLeft UIInterfaceOrientationLandscapeRight";
				LD_RUNPATH_SEARCH_PATHS = (
					"$(inherited)",
					"@executable_path/Frameworks",
				);
				MARKETING_VERSION = 1.0;
				PRODUCT_BUNDLE_IDENTIFIER = com.PixabayApp;
				PRODUCT_NAME = "$(TARGET_NAME)";
				SWIFT_EMIT_LOC_STRINGS = YES;
				SWIFT_VERSION = 5.0;
				TARGETED_DEVICE_FAMILY = "1,2";
			};
			name = Debug;
		};
		6A2FCB4A2B0CB988005F77E1 /* Release */ = {
			isa = XCBuildConfiguration;
			baseConfigurationReference = 6057F5AA713B37BFA439FA19 /* Pods-PixabayApp.release.xcconfig */;
			buildSettings = {
				ASSETCATALOG_COMPILER_APPICON_NAME = AppIcon;
				ASSETCATALOG_COMPILER_GLOBAL_ACCENT_COLOR_NAME = AccentColor;
				CODE_SIGN_STYLE = Automatic;
				CURRENT_PROJECT_VERSION = 1;
				DEVELOPMENT_TEAM = CB6VC9Q2Z4;
				ENABLE_USER_SCRIPT_SANDBOXING = NO;
				GENERATE_INFOPLIST_FILE = YES;
				INFOPLIST_FILE = PixabayApp/Resources/Info.plist;
				INFOPLIST_KEY_UIApplicationSupportsIndirectInputEvents = YES;
				INFOPLIST_KEY_UILaunchStoryboardName = LaunchScreen;
				INFOPLIST_KEY_UISupportedInterfaceOrientations_iPad = "UIInterfaceOrientationPortrait UIInterfaceOrientationPortraitUpsideDown UIInterfaceOrientationLandscapeLeft UIInterfaceOrientationLandscapeRight";
				INFOPLIST_KEY_UISupportedInterfaceOrientations_iPhone = "UIInterfaceOrientationPortrait UIInterfaceOrientationLandscapeLeft UIInterfaceOrientationLandscapeRight";
				LD_RUNPATH_SEARCH_PATHS = (
					"$(inherited)",
					"@executable_path/Frameworks",
				);
				MARKETING_VERSION = 1.0;
				PRODUCT_BUNDLE_IDENTIFIER = com.PixabayApp;
				PRODUCT_NAME = "$(TARGET_NAME)";
				SWIFT_EMIT_LOC_STRINGS = YES;
				SWIFT_VERSION = 5.0;
				TARGETED_DEVICE_FAMILY = "1,2";
			};
			name = Release;
		};
		6A2FCB4C2B0CB988005F77E1 /* Debug */ = {
			isa = XCBuildConfiguration;
			baseConfigurationReference = C837B0154F84357A49602D36 /* Pods-PixabayAppTests.debug.xcconfig */;
			buildSettings = {
				ALWAYS_EMBED_SWIFT_STANDARD_LIBRARIES = YES;
				BUNDLE_LOADER = "$(TEST_HOST)";
				CODE_SIGN_STYLE = Automatic;
				CURRENT_PROJECT_VERSION = 1;
				DEVELOPMENT_TEAM = CB6VC9Q2Z4;
				GENERATE_INFOPLIST_FILE = YES;
				IPHONEOS_DEPLOYMENT_TARGET = 17.0;
				MARKETING_VERSION = 1.0;
				PRODUCT_BUNDLE_IDENTIFIER = com.PixabayAppTests;
				PRODUCT_NAME = "$(TARGET_NAME)";
				SWIFT_EMIT_LOC_STRINGS = NO;
				SWIFT_VERSION = 5.0;
				TARGETED_DEVICE_FAMILY = "1,2";
				TEST_HOST = "$(BUILT_PRODUCTS_DIR)/PixabayApp.app/$(BUNDLE_EXECUTABLE_FOLDER_PATH)/PixabayApp";
			};
			name = Debug;
		};
		6A2FCB4D2B0CB988005F77E1 /* Release */ = {
			isa = XCBuildConfiguration;
			baseConfigurationReference = 3E59D6496F94EA7945BC3202 /* Pods-PixabayAppTests.release.xcconfig */;
			buildSettings = {
				ALWAYS_EMBED_SWIFT_STANDARD_LIBRARIES = YES;
				BUNDLE_LOADER = "$(TEST_HOST)";
				CODE_SIGN_STYLE = Automatic;
				CURRENT_PROJECT_VERSION = 1;
				DEVELOPMENT_TEAM = CB6VC9Q2Z4;
				GENERATE_INFOPLIST_FILE = YES;
				IPHONEOS_DEPLOYMENT_TARGET = 17.0;
				MARKETING_VERSION = 1.0;
				PRODUCT_BUNDLE_IDENTIFIER = com.PixabayAppTests;
				PRODUCT_NAME = "$(TARGET_NAME)";
				SWIFT_EMIT_LOC_STRINGS = NO;
				SWIFT_VERSION = 5.0;
				TARGETED_DEVICE_FAMILY = "1,2";
				TEST_HOST = "$(BUILT_PRODUCTS_DIR)/PixabayApp.app/$(BUNDLE_EXECUTABLE_FOLDER_PATH)/PixabayApp";
			};
			name = Release;
		};
		6A2FCB4F2B0CB988005F77E1 /* Debug */ = {
			isa = XCBuildConfiguration;
			baseConfigurationReference = 339DB1E785003352E46EA069 /* Pods-PixabayApp-PixabayAppUITests.debug.xcconfig */;
			buildSettings = {
				ALWAYS_EMBED_SWIFT_STANDARD_LIBRARIES = YES;
				CODE_SIGN_STYLE = Automatic;
				CURRENT_PROJECT_VERSION = 1;
				DEVELOPMENT_TEAM = CB6VC9Q2Z4;
				GENERATE_INFOPLIST_FILE = YES;
				MARKETING_VERSION = 1.0;
				PRODUCT_BUNDLE_IDENTIFIER = com.PixabayAppUITests;
				PRODUCT_NAME = "$(TARGET_NAME)";
				SWIFT_EMIT_LOC_STRINGS = NO;
				SWIFT_VERSION = 5.0;
				TARGETED_DEVICE_FAMILY = "1,2";
				TEST_TARGET_NAME = PixabayApp;
			};
			name = Debug;
		};
		6A2FCB502B0CB988005F77E1 /* Release */ = {
			isa = XCBuildConfiguration;
			baseConfigurationReference = 9E919580DE8511224FCEAA5D /* Pods-PixabayApp-PixabayAppUITests.release.xcconfig */;
			buildSettings = {
				ALWAYS_EMBED_SWIFT_STANDARD_LIBRARIES = YES;
				CODE_SIGN_STYLE = Automatic;
				CURRENT_PROJECT_VERSION = 1;
				DEVELOPMENT_TEAM = CB6VC9Q2Z4;
				GENERATE_INFOPLIST_FILE = YES;
				MARKETING_VERSION = 1.0;
				PRODUCT_BUNDLE_IDENTIFIER = com.PixabayAppUITests;
				PRODUCT_NAME = "$(TARGET_NAME)";
				SWIFT_EMIT_LOC_STRINGS = NO;
				SWIFT_VERSION = 5.0;
				TARGETED_DEVICE_FAMILY = "1,2";
				TEST_TARGET_NAME = PixabayApp;
			};
			name = Release;
		};
/* End XCBuildConfiguration section */

/* Begin XCConfigurationList section */
		6A2FCB192B0CB986005F77E1 /* Build configuration list for PBXProject "PixabayApp" */ = {
			isa = XCConfigurationList;
			buildConfigurations = (
				6A2FCB462B0CB988005F77E1 /* Debug */,
				6A2FCB472B0CB988005F77E1 /* Release */,
			);
			defaultConfigurationIsVisible = 0;
			defaultConfigurationName = Release;
		};
		6A2FCB482B0CB988005F77E1 /* Build configuration list for PBXNativeTarget "PixabayApp" */ = {
			isa = XCConfigurationList;
			buildConfigurations = (
				6A2FCB492B0CB988005F77E1 /* Debug */,
				6A2FCB4A2B0CB988005F77E1 /* Release */,
			);
			defaultConfigurationIsVisible = 0;
			defaultConfigurationName = Release;
		};
		6A2FCB4B2B0CB988005F77E1 /* Build configuration list for PBXNativeTarget "PixabayAppTests" */ = {
			isa = XCConfigurationList;
			buildConfigurations = (
				6A2FCB4C2B0CB988005F77E1 /* Debug */,
				6A2FCB4D2B0CB988005F77E1 /* Release */,
			);
			defaultConfigurationIsVisible = 0;
			defaultConfigurationName = Release;
		};
		6A2FCB4E2B0CB988005F77E1 /* Build configuration list for PBXNativeTarget "PixabayAppUITests" */ = {
			isa = XCConfigurationList;
			buildConfigurations = (
				6A2FCB4F2B0CB988005F77E1 /* Debug */,
				6A2FCB502B0CB988005F77E1 /* Release */,
			);
			defaultConfigurationIsVisible = 0;
			defaultConfigurationName = Release;
		};
/* End XCConfigurationList section */
	};
	rootObject = 6A2FCB162B0CB986005F77E1 /* Project object */;
}
