// !$*UTF8*$!
{
	archiveVersion = 1;
	classes = {
	};
	objectVersion = 56;
	objects = {

/* Begin PBXBuildFile section */
		4037320D9AFC008D5845DF48 /* Pods_PixabayApp_PixabayAppUITests.framework in Frameworks */ = {isa = PBXBuildFile; fileRef = 67143EA27F2A9BD130B015E5 /* Pods_PixabayApp_PixabayAppUITests.framework */; };
		47762B519AC0B79B1A63321F /* Pods_PixabayApp.framework in Frameworks */ = {isa = PBXBuildFile; fileRef = 6C042A87A21870E720C1798E /* Pods_PixabayApp.framework */; };
		6A0375412B0DCDCB004C57F5 /* HTTPClient.swift in Sources */ = {isa = PBXBuildFile; fileRef = 6A0375402B0DCDCB004C57F5 /* HTTPClient.swift */; };
		6A2FCB222B0CB986005F77E1 /* AppDelegate.swift in Sources */ = {isa = PBXBuildFile; fileRef = 6A2FCB212B0CB986005F77E1 /* AppDelegate.swift */; };
		6A2FCB242B0CB986005F77E1 /* SceneDelegate.swift in Sources */ = {isa = PBXBuildFile; fileRef = 6A2FCB232B0CB986005F77E1 /* SceneDelegate.swift */; };
		6A2FCB2B2B0CB987005F77E1 /* Assets.xcassets in Resources */ = {isa = PBXBuildFile; fileRef = 6A2FCB2A2B0CB987005F77E1 /* Assets.xcassets */; };
		6A2FCB2E2B0CB987005F77E1 /* LaunchScreen.storyboard in Resources */ = {isa = PBXBuildFile; fileRef = 6A2FCB2C2B0CB987005F77E1 /* LaunchScreen.storyboard */; };
		6A2FCB392B0CB987005F77E1 /* PixabayAppTests.swift in Sources */ = {isa = PBXBuildFile; fileRef = 6A2FCB382B0CB987005F77E1 /* PixabayAppTests.swift */; };
		6A2FCB432B0CB988005F77E1 /* PixabayAppUITests.swift in Sources */ = {isa = PBXBuildFile; fileRef = 6A2FCB422B0CB988005F77E1 /* PixabayAppUITests.swift */; };
		6A2FCB452B0CB988005F77E1 /* PixabayAppUITestsLaunchTests.swift in Sources */ = {isa = PBXBuildFile; fileRef = 6A2FCB442B0CB988005F77E1 /* PixabayAppUITestsLaunchTests.swift */; };
		6A2FCB552B0CBB96005F77E1 /* Localizable.strings in Resources */ = {isa = PBXBuildFile; fileRef = 6A2FCB542B0CBB96005F77E1 /* Localizable.strings */; };
		6A2FCB582B0CBBC0005F77E1 /* LocalizationHelper.swift in Sources */ = {isa = PBXBuildFile; fileRef = 6A2FCB572B0CBBC0005F77E1 /* LocalizationHelper.swift */; };
		6C9AE3EDDE62E9B65B17F5BB /* Pods_PixabayAppTests.framework in Frameworks */ = {isa = PBXBuildFile; fileRef = 55B3354F9669C23B859013B1 /* Pods_PixabayAppTests.framework */; };
/* End PBXBuildFile section */

/* Begin PBXContainerItemProxy section */
		6A2FCB352B0CB987005F77E1 /* PBXContainerItemProxy */ = {
			isa = PBXContainerItemProxy;
			containerPortal = 6A2FCB162B0CB986005F77E1 /* Project object */;
			proxyType = 1;
			remoteGlobalIDString = 6A2FCB1D2B0CB986005F77E1;
			remoteInfo = PixabayApp;
		};
		6A2FCB3F2B0CB988005F77E1 /* PBXContainerItemProxy */ = {
			isa = PBXContainerItemProxy;
			containerPortal = 6A2FCB162B0CB986005F77E1 /* Project object */;
			proxyType = 1;
			remoteGlobalIDString = 6A2FCB1D2B0CB986005F77E1;
			remoteInfo = PixabayApp;
		};
/* End PBXContainerItemProxy section */

/* Begin PBXFileReference section */
		339DB1E785003352E46EA069 /* Pods-PixabayApp-PixabayAppUITests.debug.xcconfig */ = {isa = PBXFileReference; includeInIndex = 1; lastKnownFileType = text.xcconfig; name = "Pods-PixabayApp-PixabayAppUITests.debug.xcconfig"; path = "Target Support Files/Pods-PixabayApp-PixabayAppUITests/Pods-PixabayApp-PixabayAppUITests.debug.xcconfig"; sourceTree = "<group>"; };
		3E59D6496F94EA7945BC3202 /* Pods-PixabayAppTests.release.xcconfig */ = {isa = PBXFileReference; includeInIndex = 1; lastKnownFileType = text.xcconfig; name = "Pods-PixabayAppTests.release.xcconfig"; path = "Target Support Files/Pods-PixabayAppTests/Pods-PixabayAppTests.release.xcconfig"; sourceTree = "<group>"; };
		55B3354F9669C23B859013B1 /* Pods_PixabayAppTests.framework */ = {isa = PBXFileReference; explicitFileType = wrapper.framework; includeInIndex = 0; path = Pods_PixabayAppTests.framework; sourceTree = BUILT_PRODUCTS_DIR; };
		6057F5AA713B37BFA439FA19 /* Pods-PixabayApp.release.xcconfig */ = {isa = PBXFileReference; includeInIndex = 1; lastKnownFileType = text.xcconfig; name = "Pods-PixabayApp.release.xcconfig"; path = "Target Support Files/Pods-PixabayApp/Pods-PixabayApp.release.xcconfig"; sourceTree = "<group>"; };
		67143EA27F2A9BD130B015E5 /* Pods_PixabayApp_PixabayAppUITests.framework */ = {isa = PBXFileReference; explicitFileType = wrapper.framework; includeInIndex = 0; path = Pods_PixabayApp_PixabayAppUITests.framework; sourceTree = BUILT_PRODUCTS_DIR; };
		6A0375402B0DCDCB004C57F5 /* HTTPClient.swift */ = {isa = PBXFileReference; lastKnownFileType = sourcecode.swift; path = HTTPClient.swift; sourceTree = "<group>"; };
		6A2FCB1E2B0CB986005F77E1 /* PixabayApp.app */ = {isa = PBXFileReference; explicitFileType = wrapper.application; includeInIndex = 0; path = PixabayApp.app; sourceTree = BUILT_PRODUCTS_DIR; };
		6A2FCB212B0CB986005F77E1 /* AppDelegate.swift */ = {isa = PBXFileReference; lastKnownFileType = sourcecode.swift; path = AppDelegate.swift; sourceTree = "<group>"; };
		6A2FCB232B0CB986005F77E1 /* SceneDelegate.swift */ = {isa = PBXFileReference; lastKnownFileType = sourcecode.swift; path = SceneDelegate.swift; sourceTree = "<group>"; };
		6A2FCB2A2B0CB987005F77E1 /* Assets.xcassets */ = {isa = PBXFileReference; lastKnownFileType = folder.assetcatalog; path = Assets.xcassets; sourceTree = "<group>"; };
		6A2FCB2D2B0CB987005F77E1 /* Base */ = {isa = PBXFileReference; lastKnownFileType = file.storyboard; name = Base; path = Base.lproj/LaunchScreen.storyboard; sourceTree = "<group>"; };
		6A2FCB2F2B0CB987005F77E1 /* Info.plist */ = {isa = PBXFileReference; lastKnownFileType = text.plist.xml; path = Info.plist; sourceTree = "<group>"; };
		6A2FCB342B0CB987005F77E1 /* PixabayAppTests.xctest */ = {isa = PBXFileReference; explicitFileType = wrapper.cfbundle; includeInIndex = 0; path = PixabayAppTests.xctest; sourceTree = BUILT_PRODUCTS_DIR; };
		6A2FCB382B0CB987005F77E1 /* PixabayAppTests.swift */ = {isa = PBXFileReference; lastKnownFileType = sourcecode.swift; path = PixabayAppTests.swift; sourceTree = "<group>"; };
		6A2FCB3E2B0CB988005F77E1 /* PixabayAppUITests.xctest */ = {isa = PBXFileReference; explicitFileType = wrapper.cfbundle; includeInIndex = 0; path = PixabayAppUITests.xctest; sourceTree = BUILT_PRODUCTS_DIR; };
		6A2FCB422B0CB988005F77E1 /* PixabayAppUITests.swift */ = {isa = PBXFileReference; lastKnownFileType = sourcecode.swift; path = PixabayAppUITests.swift; sourceTree = "<group>"; };
		6A2FCB442B0CB988005F77E1 /* PixabayAppUITestsLaunchTests.swift */ = {isa = PBXFileReference; lastKnownFileType = sourcecode.swift; path = PixabayAppUITestsLaunchTests.swift; sourceTree = "<group>"; };
		6A2FCB512B0CB9DD005F77E1 /* README.md */ = {isa = PBXFileReference; lastKnownFileType = net.daringfireball.markdown; path = README.md; sourceTree = "<group>"; };
		6A2FCB542B0CBB96005F77E1 /* Localizable.strings */ = {isa = PBXFileReference; lastKnownFileType = text.plist.strings; path = Localizable.strings; sourceTree = "<group>"; };
		6A2FCB572B0CBBC0005F77E1 /* LocalizationHelper.swift */ = {isa = PBXFileReference; lastKnownFileType = sourcecode.swift; path = LocalizationHelper.swift; sourceTree = "<group>"; };
		6C042A87A21870E720C1798E /* Pods_PixabayApp.framework */ = {isa = PBXFileReference; explicitFileType = wrapper.framework; includeInIndex = 0; path = Pods_PixabayApp.framework; sourceTree = BUILT_PRODUCTS_DIR; };
		7D2DA5291B7C9756A0F8244B /* Pods-PixabayApp.debug.xcconfig */ = {isa = PBXFileReference; includeInIndex = 1; lastKnownFileType = text.xcconfig; name = "Pods-PixabayApp.debug.xcconfig"; path = "Target Support Files/Pods-PixabayApp/Pods-PixabayApp.debug.xcconfig"; sourceTree = "<group>"; };
		9E919580DE8511224FCEAA5D /* Pods-PixabayApp-PixabayAppUITests.release.xcconfig */ = {isa = PBXFileReference; includeInIndex = 1; lastKnownFileType = text.xcconfig; name = "Pods-PixabayApp-PixabayAppUITests.release.xcconfig"; path = "Target Support Files/Pods-PixabayApp-PixabayAppUITests/Pods-PixabayApp-PixabayAppUITests.release.xcconfig"; sourceTree = "<group>"; };
		C837B0154F84357A49602D36 /* Pods-PixabayAppTests.debug.xcconfig */ = {isa = PBXFileReference; includeInIndex = 1; lastKnownFileType = text.xcconfig; name = "Pods-PixabayAppTests.debug.xcconfig"; path = "Target Support Files/Pods-PixabayAppTests/Pods-PixabayAppTests.debug.xcconfig"; sourceTree = "<group>"; };
/* End PBXFileReference section */

/* Begin PBXFrameworksBuildPhase section */
		6A2FCB1B2B0CB986005F77E1 /* Frameworks */ = {
			isa = PBXFrameworksBuildPhase;
			buildActionMask = 2147483647;
			files = (
				47762B519AC0B79B1A63321F /* Pods_PixabayApp.framework in Frameworks */,
			);
			runOnlyForDeploymentPostprocessing = 0;
		};
		6A2FCB312B0CB987005F77E1 /* Frameworks */ = {
			isa = PBXFrameworksBuildPhase;
			buildActionMask = 2147483647;
			files = (
				6C9AE3EDDE62E9B65B17F5BB /* Pods_PixabayAppTests.framework in Frameworks */,
			);
			runOnlyForDeploymentPostprocessing = 0;
		};
		6A2FCB3B2B0CB988005F77E1 /* Frameworks */ = {
			isa = PBXFrameworksBuildPhase;
			buildActionMask = 2147483647;
			files = (
				4037320D9AFC008D5845DF48 /* Pods_PixabayApp_PixabayAppUITests.framework in Frameworks */,
			);
			runOnlyForDeploymentPostprocessing = 0;
		};
/* End PBXFrameworksBuildPhase section */

/* Begin PBXGroup section */
		6A0375372B0CBFF8004C57F5 /* Api Service */ = {
			isa = PBXGroup;
			children = (
				6A0375402B0DCDCB004C57F5 /* HTTPClient.swift */,
			);
			path = "Api Service";
			sourceTree = "<group>";
		};
		6A2FCB152B0CB986005F77E1 = {
			isa = PBXGroup;
			children = (
				6A2FCB512B0CB9DD005F77E1 /* README.md */,
				6A2FCB202B0CB986005F77E1 /* PixabayApp */,
				6A2FCB372B0CB987005F77E1 /* PixabayAppTests */,
				6A2FCB412B0CB988005F77E1 /* PixabayAppUITests */,
				6A2FCB1F2B0CB986005F77E1 /* Products */,
				CDD79407A3AE1937AB3BAE58 /* Pods */,
				8759F4E393E56452E5DFA964 /* Frameworks */,
			);
			sourceTree = "<group>";
		};
		6A2FCB1F2B0CB986005F77E1 /* Products */ = {
			isa = PBXGroup;
			children = (
				6A2FCB1E2B0CB986005F77E1 /* PixabayApp.app */,
				6A2FCB342B0CB987005F77E1 /* PixabayAppTests.xctest */,
				6A2FCB3E2B0CB988005F77E1 /* PixabayAppUITests.xctest */,
			);
			name = Products;
			sourceTree = "<group>";
		};
		6A2FCB202B0CB986005F77E1 /* PixabayApp */ = {
			isa = PBXGroup;
			children = (
				6A2FCB522B0CBAA6005F77E1 /* AppDelegate */,
				6A2FCB532B0CBAC3005F77E1 /* Resources */,
			);
			path = PixabayApp;
			sourceTree = "<group>";
		};
		6A2FCB372B0CB987005F77E1 /* PixabayAppTests */ = {
			isa = PBXGroup;
			children = (
				6A2FCB382B0CB987005F77E1 /* PixabayAppTests.swift */,
			);
			path = PixabayAppTests;
			sourceTree = "<group>";
		};
		6A2FCB412B0CB988005F77E1 /* PixabayAppUITests */ = {
			isa = PBXGroup;
			children = (
				6A2FCB422B0CB988005F77E1 /* PixabayAppUITests.swift */,
				6A2FCB442B0CB988005F77E1 /* PixabayAppUITestsLaunchTests.swift */,
			);
			path = PixabayAppUITests;
			sourceTree = "<group>";
		};
		6A2FCB522B0CBAA6005F77E1 /* AppDelegate */ = {
			isa = PBXGroup;
			children = (
				6A2FCB212B0CB986005F77E1 /* AppDelegate.swift */,
				6A2FCB232B0CB986005F77E1 /* SceneDelegate.swift */,
			);
			path = AppDelegate;
			sourceTree = "<group>";
		};
		6A2FCB532B0CBAC3005F77E1 /* Resources */ = {
			isa = PBXGroup;
			children = (
				6A2FCB562B0CBB9C005F77E1 /* Localization */,
				6A2FCB2A2B0CB987005F77E1 /* Assets.xcassets */,
				6A2FCB2C2B0CB987005F77E1 /* LaunchScreen.storyboard */,
				6A2FCB2F2B0CB987005F77E1 /* Info.plist */,
			);
			path = Resources;
			sourceTree = "<group>";
		};
		6A2FCB562B0CBB9C005F77E1 /* Localization */ = {
			isa = PBXGroup;
			children = (
				6A2FCB542B0CBB96005F77E1 /* Localizable.strings */,
				6A2FCB572B0CBBC0005F77E1 /* LocalizationHelper.swift */,
			);
			path = Localization;
			sourceTree = "<group>";
		};
		8759F4E393E56452E5DFA964 /* Frameworks */ = {
			isa = PBXGroup;
			children = (
				6C042A87A21870E720C1798E /* Pods_PixabayApp.framework */,
				67143EA27F2A9BD130B015E5 /* Pods_PixabayApp_PixabayAppUITests.framework */,
				55B3354F9669C23B859013B1 /* Pods_PixabayAppTests.framework */,
			);
			name = Frameworks;
			sourceTree = "<group>";
		};
		CDD79407A3AE1937AB3BAE58 /* Pods */ = {
			isa = PBXGroup;
			children = (
				7D2DA5291B7C9756A0F8244B /* Pods-PixabayApp.debug.xcconfig */,
				6057F5AA713B37BFA439FA19 /* Pods-PixabayApp.release.xcconfig */,
				339DB1E785003352E46EA069 /* Pods-PixabayApp-PixabayAppUITests.debug.xcconfig */,
				9E919580DE8511224FCEAA5D /* Pods-PixabayApp-PixabayAppUITests.release.xcconfig */,
				C837B0154F84357A49602D36 /* Pods-PixabayAppTests.debug.xcconfig */,
				3E59D6496F94EA7945BC3202 /* Pods-PixabayAppTests.release.xcconfig */,
			);
			path = Pods;
			sourceTree = "<group>";
		};
/* End PBXGroup section */

/* Begin PBXNativeTarget section */
		6A2FCB1D2B0CB986005F77E1 /* PixabayApp */ = {
			isa = PBXNativeTarget;
			buildConfigurationList = 6A2FCB482B0CB988005F77E1 /* Build configuration list for PBXNativeTarget "PixabayApp" */;
			buildPhases = (
				68E63D7E98CCA82ADE6752CA /* [CP] Check Pods Manifest.lock */,
				6A2FCB1A2B0CB986005F77E1 /* Sources */,
				6A2FCB1B2B0CB986005F77E1 /* Frameworks */,
				6A2FCB1C2B0CB986005F77E1 /* Resources */,
				D03DF954470B22F649D89CD5 /* [CP] Embed Pods Frameworks */,
			);
			buildRules = (
			);
			dependencies = (
			);
			name = PixabayApp;
			productName = PixabayApp;
			productReference = 6A2FCB1E2B0CB986005F77E1 /* PixabayApp.app */;
			productType = "com.apple.product-type.application";
		};
		6A2FCB332B0CB987005F77E1 /* PixabayAppTests */ = {
			isa = PBXNativeTarget;
			buildConfigurationList = 6A2FCB4B2B0CB988005F77E1 /* Build configuration list for PBXNativeTarget "PixabayAppTests" */;
			buildPhases = (
				541AFAEAF7D6406F9FF2B77C /* [CP] Check Pods Manifest.lock */,
				6A2FCB302B0CB987005F77E1 /* Sources */,
				6A2FCB312B0CB987005F77E1 /* Frameworks */,
				6A2FCB322B0CB987005F77E1 /* Resources */,
			);
			buildRules = (
			);
			dependencies = (
				6A2FCB362B0CB987005F77E1 /* PBXTargetDependency */,
			);
			name = PixabayAppTests;
			productName = PixabayAppTests;
			productReference = 6A2FCB342B0CB987005F77E1 /* PixabayAppTests.xctest */;
			productType = "com.apple.product-type.bundle.unit-test";
		};
		6A2FCB3D2B0CB988005F77E1 /* PixabayAppUITests */ = {
			isa = PBXNativeTarget;
			buildConfigurationList = 6A2FCB4E2B0CB988005F77E1 /* Build configuration list for PBXNativeTarget "PixabayAppUITests" */;
			buildPhases = (
				8FF366BEF99470E8CB341DFE /* [CP] Check Pods Manifest.lock */,
				6A2FCB3A2B0CB988005F77E1 /* Sources */,
				6A2FCB3B2B0CB988005F77E1 /* Frameworks */,
				6A2FCB3C2B0CB988005F77E1 /* Resources */,
				C6F99D8B4E431D58064257BA /* [CP] Embed Pods Frameworks */,
			);
			buildRules = (
			);
			dependencies = (
				6A2FCB402B0CB988005F77E1 /* PBXTargetDependency */,
			);
			name = PixabayAppUITests;
			productName = PixabayAppUITests;
			productReference = 6A2FCB3E2B0CB988005F77E1 /* PixabayAppUITests.xctest */;
			productType = "com.apple.product-type.bundle.ui-testing";
		};
/* End PBXNativeTarget section */

/* Begin PBXProject section */
		6A2FCB162B0CB986005F77E1 /* Project object */ = {
			isa = PBXProject;
			attributes = {
				BuildIndependentTargetsInParallel = 1;
				LastSwiftUpdateCheck = 1500;
				LastUpgradeCheck = 1500;
				TargetAttributes = {
					6A2FCB1D2B0CB986005F77E1 = {
						CreatedOnToolsVersion = 15.0.1;
					};
					6A2FCB332B0CB987005F77E1 = {
						CreatedOnToolsVersion = 15.0.1;
						TestTargetID = 6A2FCB1D2B0CB986005F77E1;
					};
					6A2FCB3D2B0CB988005F77E1 = {
						CreatedOnToolsVersion = 15.0.1;
						TestTargetID = 6A2FCB1D2B0CB986005F77E1;
					};
				};
			};
			buildConfigurationList = 6A2FCB192B0CB986005F77E1 /* Build configuration list for PBXProject "PixabayApp" */;
			compatibilityVersion = "Xcode 14.0";
			developmentRegion = en;
			hasScannedForEncodings = 0;
			knownRegions = (
				en,
				Base,
			);
			mainGroup = 6A2FCB152B0CB986005F77E1;
			productRefGroup = 6A2FCB1F2B0CB986005F77E1 /* Products */;
			projectDirPath = "";
			projectRoot = "";
			targets = (
				6A2FCB1D2B0CB986005F77E1 /* PixabayApp */,
				6A2FCB332B0CB987005F77E1 /* PixabayAppTests */,
				6A2FCB3D2B0CB988005F77E1 /* PixabayAppUITests */,
			);
		};
/* End PBXProject section */

/* Begin PBXResourcesBuildPhase section */
		6A2FCB1C2B0CB986005F77E1 /* Resources */ = {
			isa = PBXResourcesBuildPhase;
			buildActionMask = 2147483647;
			files = (
				6A2FCB2E2B0CB987005F77E1 /* LaunchScreen.storyboard in Resources */,
				6A2FCB552B0CBB96005F77E1 /* Localizable.strings in Resources */,
				6A2FCB2B2B0CB987005F77E1 /* Assets.xcassets in Resources */,
			);
			runOnlyForDeploymentPostprocessing = 0;
		};
		6A2FCB322B0CB987005F77E1 /* Resources */ = {
			isa = PBXResourcesBuildPhase;
			buildActionMask = 2147483647;
			files = (
			);
			runOnlyForDeploymentPostprocessing = 0;
		};
		6A2FCB3C2B0CB988005F77E1 /* Resources */ = {
			isa = PBXResourcesBuildPhase;
			buildActionMask = 2147483647;
			files = (
			);
			runOnlyForDeploymentPostprocessing = 0;
		};
/* End PBXResourcesBuildPhase section */

/* Begin PBXShellScriptBuildPhase section */
		541AFAEAF7D6406F9FF2B77C /* [CP] Check Pods Manifest.lock */ = {
			isa = PBXShellScriptBuildPhase;
			buildActionMask = 2147483647;
			files = (
			);
			inputFileListPaths = (
			);
			inputPaths = (
				"${PODS_PODFILE_DIR_PATH}/Podfile.lock",
				"${PODS_ROOT}/Manifest.lock",
			);
			name = "[CP] Check Pods Manifest.lock";
			outputFileListPaths = (
			);
			outputPaths = (
				"$(DERIVED_FILE_DIR)/Pods-PixabayAppTests-checkManifestLockResult.txt",
			);
			runOnlyForDeploymentPostprocessing = 0;
			shellPath = /bin/sh;
			shellScript = "diff \"${PODS_PODFILE_DIR_PATH}/Podfile.lock\" \"${PODS_ROOT}/Manifest.lock\" > /dev/null\nif [ $? != 0 ] ; then\n    # print error to STDERR\n    echo \"error: The sandbox is not in sync with the Podfile.lock. Run 'pod install' or update your CocoaPods installation.\" >&2\n    exit 1\nfi\n# This output is used by Xcode 'outputs' to avoid re-running this script phase.\necho \"SUCCESS\" > \"${SCRIPT_OUTPUT_FILE_0}\"\n";
			showEnvVarsInLog = 0;
		};
		68E63D7E98CCA82ADE6752CA /* [CP] Check Pods Manifest.lock */ = {
			isa = PBXShellScriptBuildPhase;
			buildActionMask = 2147483647;
			files = (
			);
			inputFileListPaths = (
			);
			inputPaths = (
				"${PODS_PODFILE_DIR_PATH}/Podfile.lock",
				"${PODS_ROOT}/Manifest.lock",
			);
			name = "[CP] Check Pods Manifest.lock";
			outputFileListPaths = (
			);
			outputPaths = (
				"$(DERIVED_FILE_DIR)/Pods-PixabayApp-checkManifestLockResult.txt",
			);
			runOnlyForDeploymentPostprocessing = 0;
			shellPath = /bin/sh;
			shellScript = "diff \"${PODS_PODFILE_DIR_PATH}/Podfile.lock\" \"${PODS_ROOT}/Manifest.lock\" > /dev/null\nif [ $? != 0 ] ; then\n    # print error to STDERR\n    echo \"error: The sandbox is not in sync with the Podfile.lock. Run 'pod install' or update your CocoaPods installation.\" >&2\n    exit 1\nfi\n# This output is used by Xcode 'outputs' to avoid re-running this script phase.\necho \"SUCCESS\" > \"${SCRIPT_OUTPUT_FILE_0}\"\n";
			showEnvVarsInLog = 0;
		};
		8FF366BEF99470E8CB341DFE /* [CP] Check Pods Manifest.lock */ = {
			isa = PBXShellScriptBuildPhase;
			buildActionMask = 2147483647;
			files = (
			);
			inputFileListPaths = (
			);
			inputPaths = (
				"${PODS_PODFILE_DIR_PATH}/Podfile.lock",
				"${PODS_ROOT}/Manifest.lock",
			);
			name = "[CP] Check Pods Manifest.lock";
			outputFileListPaths = (
			);
			outputPaths = (
				"$(DERIVED_FILE_DIR)/Pods-PixabayApp-PixabayAppUITests-checkManifestLockResult.txt",
			);
			runOnlyForDeploymentPostprocessing = 0;
			shellPath = /bin/sh;
			shellScript = "diff \"${PODS_PODFILE_DIR_PATH}/Podfile.lock\" \"${PODS_ROOT}/Manifest.lock\" > /dev/null\nif [ $? != 0 ] ; then\n    # print error to STDERR\n    echo \"error: The sandbox is not in sync with the Podfile.lock. Run 'pod install' or update your CocoaPods installation.\" >&2\n    exit 1\nfi\n# This output is used by Xcode 'outputs' to avoid re-running this script phase.\necho \"SUCCESS\" > \"${SCRIPT_OUTPUT_FILE_0}\"\n";
			showEnvVarsInLog = 0;
		};
		C6F99D8B4E431D58064257BA /* [CP] Embed Pods Frameworks */ = {
			isa = PBXShellScriptBuildPhase;
			buildActionMask = 2147483647;
			files = (
			);
			inputFileListPaths = (
				"${PODS_ROOT}/Target Support Files/Pods-PixabayApp-PixabayAppUITests/Pods-PixabayApp-PixabayAppUITests-frameworks-${CONFIGURATION}-input-files.xcfilelist",
			);
			name = "[CP] Embed Pods Frameworks";
			outputFileListPaths = (
				"${PODS_ROOT}/Target Support Files/Pods-PixabayApp-PixabayAppUITests/Pods-PixabayApp-PixabayAppUITests-frameworks-${CONFIGURATION}-output-files.xcfilelist",
			);
			runOnlyForDeploymentPostprocessing = 0;
			shellPath = /bin/sh;
			shellScript = "\"${PODS_ROOT}/Target Support Files/Pods-PixabayApp-PixabayAppUITests/Pods-PixabayApp-PixabayAppUITests-frameworks.sh\"\n";
			showEnvVarsInLog = 0;
		};
		D03DF954470B22F649D89CD5 /* [CP] Embed Pods Frameworks */ = {
			isa = PBXShellScriptBuildPhase;
			buildActionMask = 2147483647;
			files = (
			);
			inputFileListPaths = (
				"${PODS_ROOT}/Target Support Files/Pods-PixabayApp/Pods-PixabayApp-frameworks-${CONFIGURATION}-input-files.xcfilelist",
			);
			name = "[CP] Embed Pods Frameworks";
			outputFileListPaths = (
				"${PODS_ROOT}/Target Support Files/Pods-PixabayApp/Pods-PixabayApp-frameworks-${CONFIGURATION}-output-files.xcfilelist",
			);
			runOnlyForDeploymentPostprocessing = 0;
			shellPath = /bin/sh;
			shellScript = "\"${PODS_ROOT}/Target Support Files/Pods-PixabayApp/Pods-PixabayApp-frameworks.sh\"\n";
			showEnvVarsInLog = 0;
		};
/* End PBXShellScriptBuildPhase section */

/* Begin PBXSourcesBuildPhase section */
		6A2FCB1A2B0CB986005F77E1 /* Sources */ = {
			isa = PBXSourcesBuildPhase;
			buildActionMask = 2147483647;
			files = (
				6A2FCB222B0CB986005F77E1 /* AppDelegate.swift in Sources */,
				6A0375412B0DCDCB004C57F5 /* HTTPClient.swift in Sources */,
				6A2FCB242B0CB986005F77E1 /* SceneDelegate.swift in Sources */,
				6A2FCB582B0CBBC0005F77E1 /* LocalizationHelper.swift in Sources */,
			);
			runOnlyForDeploymentPostprocessing = 0;
		};
		6A2FCB302B0CB987005F77E1 /* Sources */ = {
			isa = PBXSourcesBuildPhase;
			buildActionMask = 2147483647;
			files = (
				6A2FCB392B0CB987005F77E1 /* PixabayAppTests.swift in Sources */,
			);
			runOnlyForDeploymentPostprocessing = 0;
		};
		6A2FCB3A2B0CB988005F77E1 /* Sources */ = {
			isa = PBXSourcesBuildPhase;
			buildActionMask = 2147483647;
			files = (
				6A2FCB432B0CB988005F77E1 /* PixabayAppUITests.swift in Sources */,
				6A2FCB452B0CB988005F77E1 /* PixabayAppUITestsLaunchTests.swift in Sources */,
			);
			runOnlyForDeploymentPostprocessing = 0;
		};
/* End PBXSourcesBuildPhase section */

/* Begin PBXTargetDependency section */
		6A2FCB362B0CB987005F77E1 /* PBXTargetDependency */ = {
			isa = PBXTargetDependency;
			target = 6A2FCB1D2B0CB986005F77E1 /* PixabayApp */;
			targetProxy = 6A2FCB352B0CB987005F77E1 /* PBXContainerItemProxy */;
		};
		6A2FCB402B0CB988005F77E1 /* PBXTargetDependency */ = {
			isa = PBXTargetDependency;
			target = 6A2FCB1D2B0CB986005F77E1 /* PixabayApp */;
			targetProxy = 6A2FCB3F2B0CB988005F77E1 /* PBXContainerItemProxy */;
		};
/* End PBXTargetDependency section */

/* Begin PBXVariantGroup section */
		6A2FCB2C2B0CB987005F77E1 /* LaunchScreen.storyboard */ = {
			isa = PBXVariantGroup;
			children = (
				6A2FCB2D2B0CB987005F77E1 /* Base */,
			);
			name = LaunchScreen.storyboard;
			sourceTree = "<group>";
		};
/* End PBXVariantGroup section */

/* Begin XCBuildConfiguration section */
		6A2FCB462B0CB988005F77E1 /* Debug */ = {
			isa = XCBuildConfiguration;
			buildSettings = {
				ALWAYS_SEARCH_USER_PATHS = NO;
				ASSETCATALOG_COMPILER_GENERATE_SWIFT_ASSET_SYMBOL_EXTENSIONS = YES;
				CLANG_ANALYZER_NONNULL = YES;
				CLANG_ANALYZER_NUMBER_OBJECT_CONVERSION = YES_AGGRESSIVE;
				CLANG_CXX_LANGUAGE_STANDARD = "gnu++20";
				CLANG_ENABLE_MODULES = YES;
				CLANG_ENABLE_OBJC_ARC = YES;
				CLANG_ENABLE_OBJC_WEAK = YES;
				CLANG_WARN_BLOCK_CAPTURE_AUTORELEASING = YES;
				CLANG_WARN_BOOL_CONVERSION = YES;
				CLANG_WARN_COMMA = YES;
				CLANG_WARN_CONSTANT_CONVERSION = YES;
				CLANG_WARN_DEPRECATED_OBJC_IMPLEMENTATIONS = YES;
				CLANG_WARN_DIRECT_OBJC_ISA_USAGE = YES_ERROR;
				CLANG_WARN_DOCUMENTATION_COMMENTS = YES;
				CLANG_WARN_EMPTY_BODY = YES;
				CLANG_WARN_ENUM_CONVERSION = YES;
				CLANG_WARN_INFINITE_RECURSION = YES;
				CLANG_WARN_INT_CONVERSION = YES;
				CLANG_WARN_NON_LITERAL_NULL_CONVERSION = YES;
				CLANG_WARN_OBJC_IMPLICIT_RETAIN_SELF = YES;
				CLANG_WARN_OBJC_LITERAL_CONVERSION = YES;
				CLANG_WARN_OBJC_ROOT_CLASS = YES_ERROR;
				CLANG_WARN_QUOTED_INCLUDE_IN_FRAMEWORK_HEADER = YES;
				CLANG_WARN_RANGE_LOOP_ANALYSIS = YES;
				CLANG_WARN_STRICT_PROTOTYPES = YES;
				CLANG_WARN_SUSPICIOUS_MOVE = YES;
				CLANG_WARN_UNGUARDED_AVAILABILITY = YES_AGGRESSIVE;
				CLANG_WARN_UNREACHABLE_CODE = YES;
				CLANG_WARN__DUPLICATE_METHOD_MATCH = YES;
				COPY_PHASE_STRIP = NO;
				DEBUG_INFORMATION_FORMAT = dwarf;
				ENABLE_STRICT_OBJC_MSGSEND = YES;
				ENABLE_TESTABILITY = YES;
				ENABLE_USER_SCRIPT_SANDBOXING = YES;
				GCC_C_LANGUAGE_STANDARD = gnu17;
				GCC_DYNAMIC_NO_PIC = NO;
				GCC_NO_COMMON_BLOCKS = YES;
				GCC_OPTIMIZATION_LEVEL = 0;
				GCC_PREPROCESSOR_DEFINITIONS = (
					"DEBUG=1",
					"$(inherited)",
				);
				GCC_WARN_64_TO_32_BIT_CONVERSION = YES;
				GCC_WARN_ABOUT_RETURN_TYPE = YES_ERROR;
				GCC_WARN_UNDECLARED_SELECTOR = YES;
				GCC_WARN_UNINITIALIZED_AUTOS = YES_AGGRESSIVE;
				GCC_WARN_UNUSED_FUNCTION = YES;
				GCC_WARN_UNUSED_VARIABLE = YES;
				IPHONEOS_DEPLOYMENT_TARGET = 14.0;
				LOCALIZATION_PREFERS_STRING_CATALOGS = YES;
				MTL_ENABLE_DEBUG_INFO = INCLUDE_SOURCE;
				MTL_FAST_MATH = YES;
				ONLY_ACTIVE_ARCH = YES;
				SDKROOT = iphoneos;
				SWIFT_ACTIVE_COMPILATION_CONDITIONS = "DEBUG $(inherited)";
				SWIFT_OPTIMIZATION_LEVEL = "-Onone";
			};
			name = Debug;
		};
		6A2FCB472B0CB988005F77E1 /* Release */ = {
			isa = XCBuildConfiguration;
			buildSettings = {
				ALWAYS_SEARCH_USER_PATHS = NO;
				ASSETCATALOG_COMPILER_GENERATE_SWIFT_ASSET_SYMBOL_EXTENSIONS = YES;
				CLANG_ANALYZER_NONNULL = YES;
				CLANG_ANALYZER_NUMBER_OBJECT_CONVERSION = YES_AGGRESSIVE;
				CLANG_CXX_LANGUAGE_STANDARD = "gnu++20";
				CLANG_ENABLE_MODULES = YES;
				CLANG_ENABLE_OBJC_ARC = YES;
				CLANG_ENABLE_OBJC_WEAK = YES;
				CLANG_WARN_BLOCK_CAPTURE_AUTORELEASING = YES;
				CLANG_WARN_BOOL_CONVERSION = YES;
				CLANG_WARN_COMMA = YES;
				CLANG_WARN_CONSTANT_CONVERSION = YES;
				CLANG_WARN_DEPRECATED_OBJC_IMPLEMENTATIONS = YES;
				CLANG_WARN_DIRECT_OBJC_ISA_USAGE = YES_ERROR;
				CLANG_WARN_DOCUMENTATION_COMMENTS = YES;
				CLANG_WARN_EMPTY_BODY = YES;
				CLANG_WARN_ENUM_CONVERSION = YES;
				CLANG_WARN_INFINITE_RECURSION = YES;
				CLANG_WARN_INT_CONVERSION = YES;
				CLANG_WARN_NON_LITERAL_NULL_CONVERSION = YES;
				CLANG_WARN_OBJC_IMPLICIT_RETAIN_SELF = YES;
				CLANG_WARN_OBJC_LITERAL_CONVERSION = YES;
				CLANG_WARN_OBJC_ROOT_CLASS = YES_ERROR;
				CLANG_WARN_QUOTED_INCLUDE_IN_FRAMEWORK_HEADER = YES;
				CLANG_WARN_RANGE_LOOP_ANALYSIS = YES;
				CLANG_WARN_STRICT_PROTOTYPES = YES;
				CLANG_WARN_SUSPICIOUS_MOVE = YES;
				CLANG_WARN_UNGUARDED_AVAILABILITY = YES_AGGRESSIVE;
				CLANG_WARN_UNREACHABLE_CODE = YES;
				CLANG_WARN__DUPLICATE_METHOD_MATCH = YES;
				COPY_PHASE_STRIP = NO;
				DEBUG_INFORMATION_FORMAT = "dwarf-with-dsym";
				ENABLE_NS_ASSERTIONS = NO;
				ENABLE_STRICT_OBJC_MSGSEND = YES;
				ENABLE_USER_SCRIPT_SANDBOXING = YES;
				GCC_C_LANGUAGE_STANDARD = gnu17;
				GCC_NO_COMMON_BLOCKS = YES;
				GCC_WARN_64_TO_32_BIT_CONVERSION = YES;
				GCC_WARN_ABOUT_RETURN_TYPE = YES_ERROR;
				GCC_WARN_UNDECLARED_SELECTOR = YES;
				GCC_WARN_UNINITIALIZED_AUTOS = YES_AGGRESSIVE;
				GCC_WARN_UNUSED_FUNCTION = YES;
				GCC_WARN_UNUSED_VARIABLE = YES;
				IPHONEOS_DEPLOYMENT_TARGET = 14.0;
				LOCALIZATION_PREFERS_STRING_CATALOGS = YES;
				MTL_ENABLE_DEBUG_INFO = NO;
				MTL_FAST_MATH = YES;
				SDKROOT = iphoneos;
				SWIFT_COMPILATION_MODE = wholemodule;
				VALIDATE_PRODUCT = YES;
			};
			name = Release;
		};
		6A2FCB492B0CB988005F77E1 /* Debug */ = {
			isa = XCBuildConfiguration;
			baseConfigurationReference = 7D2DA5291B7C9756A0F8244B /* Pods-PixabayApp.debug.xcconfig */;
			buildSettings = {
				ASSETCATALOG_COMPILER_APPICON_NAME = AppIcon;
				ASSETCATALOG_COMPILER_GLOBAL_ACCENT_COLOR_NAME = AccentColor;
				CODE_SIGN_STYLE = Automatic;
				CURRENT_PROJECT_VERSION = 1;
				DEVELOPMENT_TEAM = CB6VC9Q2Z4;
				ENABLE_USER_SCRIPT_SANDBOXING = NO;
				GENERATE_INFOPLIST_FILE = YES;
				INFOPLIST_FILE = PixabayApp/Resources/Info.plist;
				INFOPLIST_KEY_UIApplicationSupportsIndirectInputEvents = YES;
				INFOPLIST_KEY_UILaunchStoryboardName = LaunchScreen;
				INFOPLIST_KEY_UISupportedInterfaceOrientations_iPad = "UIInterfaceOrientationPortrait UIInterfaceOrientationPortraitUpsideDown UIInterfaceOrientationLandscapeLeft UIInterfaceOrientationLandscapeRight";
				INFOPLIST_KEY_UISupportedInterfaceOrientations_iPhone = "UIInterfaceOrientationPortrait UIInterfaceOrientationLandscapeLeft UIInterfaceOrientationLandscapeRight";
				LD_RUNPATH_SEARCH_PATHS = (
					"$(inherited)",
					"@executable_path/Frameworks",
				);
				MARKETING_VERSION = 1.0;
				PRODUCT_BUNDLE_IDENTIFIER = com.PixabayApp;
				PRODUCT_NAME = "$(TARGET_NAME)";
				SWIFT_EMIT_LOC_STRINGS = YES;
				SWIFT_VERSION = 5.0;
				TARGETED_DEVICE_FAMILY = "1,2";
			};
			name = Debug;
		};
		6A2FCB4A2B0CB988005F77E1 /* Release */ = {
			isa = XCBuildConfiguration;
			baseConfigurationReference = 6057F5AA713B37BFA439FA19 /* Pods-PixabayApp.release.xcconfig */;
			buildSettings = {
				ASSETCATALOG_COMPILER_APPICON_NAME = AppIcon;
				ASSETCATALOG_COMPILER_GLOBAL_ACCENT_COLOR_NAME = AccentColor;
				CODE_SIGN_STYLE = Automatic;
				CURRENT_PROJECT_VERSION = 1;
				DEVELOPMENT_TEAM = CB6VC9Q2Z4;
				ENABLE_USER_SCRIPT_SANDBOXING = NO;
				GENERATE_INFOPLIST_FILE = YES;
				INFOPLIST_FILE = PixabayApp/Resources/Info.plist;
				INFOPLIST_KEY_UIApplicationSupportsIndirectInputEvents = YES;
				INFOPLIST_KEY_UILaunchStoryboardName = LaunchScreen;
				INFOPLIST_KEY_UISupportedInterfaceOrientations_iPad = "UIInterfaceOrientationPortrait UIInterfaceOrientationPortraitUpsideDown UIInterfaceOrientationLandscapeLeft UIInterfaceOrientationLandscapeRight";
				INFOPLIST_KEY_UISupportedInterfaceOrientations_iPhone = "UIInterfaceOrientationPortrait UIInterfaceOrientationLandscapeLeft UIInterfaceOrientationLandscapeRight";
				LD_RUNPATH_SEARCH_PATHS = (
					"$(inherited)",
					"@executable_path/Frameworks",
				);
				MARKETING_VERSION = 1.0;
				PRODUCT_BUNDLE_IDENTIFIER = com.PixabayApp;
				PRODUCT_NAME = "$(TARGET_NAME)";
				SWIFT_EMIT_LOC_STRINGS = YES;
				SWIFT_VERSION = 5.0;
				TARGETED_DEVICE_FAMILY = "1,2";
			};
			name = Release;
		};
		6A2FCB4C2B0CB988005F77E1 /* Debug */ = {
			isa = XCBuildConfiguration;
			baseConfigurationReference = C837B0154F84357A49602D36 /* Pods-PixabayAppTests.debug.xcconfig */;
			buildSettings = {
				ALWAYS_EMBED_SWIFT_STANDARD_LIBRARIES = YES;
				BUNDLE_LOADER = "$(TEST_HOST)";
				CODE_SIGN_STYLE = Automatic;
				CURRENT_PROJECT_VERSION = 1;
				DEVELOPMENT_TEAM = CB6VC9Q2Z4;
				GENERATE_INFOPLIST_FILE = YES;
				IPHONEOS_DEPLOYMENT_TARGET = 17.0;
				MARKETING_VERSION = 1.0;
				PRODUCT_BUNDLE_IDENTIFIER = com.PixabayAppTests;
				PRODUCT_NAME = "$(TARGET_NAME)";
				SWIFT_EMIT_LOC_STRINGS = NO;
				SWIFT_VERSION = 5.0;
				TARGETED_DEVICE_FAMILY = "1,2";
				TEST_HOST = "$(BUILT_PRODUCTS_DIR)/PixabayApp.app/$(BUNDLE_EXECUTABLE_FOLDER_PATH)/PixabayApp";
			};
			name = Debug;
		};
		6A2FCB4D2B0CB988005F77E1 /* Release */ = {
			isa = XCBuildConfiguration;
			baseConfigurationReference = 3E59D6496F94EA7945BC3202 /* Pods-PixabayAppTests.release.xcconfig */;
			buildSettings = {
				ALWAYS_EMBED_SWIFT_STANDARD_LIBRARIES = YES;
				BUNDLE_LOADER = "$(TEST_HOST)";
				CODE_SIGN_STYLE = Automatic;
				CURRENT_PROJECT_VERSION = 1;
				DEVELOPMENT_TEAM = CB6VC9Q2Z4;
				GENERATE_INFOPLIST_FILE = YES;
				IPHONEOS_DEPLOYMENT_TARGET = 17.0;
				MARKETING_VERSION = 1.0;
				PRODUCT_BUNDLE_IDENTIFIER = com.PixabayAppTests;
				PRODUCT_NAME = "$(TARGET_NAME)";
				SWIFT_EMIT_LOC_STRINGS = NO;
				SWIFT_VERSION = 5.0;
				TARGETED_DEVICE_FAMILY = "1,2";
				TEST_HOST = "$(BUILT_PRODUCTS_DIR)/PixabayApp.app/$(BUNDLE_EXECUTABLE_FOLDER_PATH)/PixabayApp";
			};
			name = Release;
		};
		6A2FCB4F2B0CB988005F77E1 /* Debug */ = {
			isa = XCBuildConfiguration;
			baseConfigurationReference = 339DB1E785003352E46EA069 /* Pods-PixabayApp-PixabayAppUITests.debug.xcconfig */;
			buildSettings = {
				ALWAYS_EMBED_SWIFT_STANDARD_LIBRARIES = YES;
				CODE_SIGN_STYLE = Automatic;
				CURRENT_PROJECT_VERSION = 1;
				DEVELOPMENT_TEAM = CB6VC9Q2Z4;
				GENERATE_INFOPLIST_FILE = YES;
				MARKETING_VERSION = 1.0;
				PRODUCT_BUNDLE_IDENTIFIER = com.PixabayAppUITests;
				PRODUCT_NAME = "$(TARGET_NAME)";
				SWIFT_EMIT_LOC_STRINGS = NO;
				SWIFT_VERSION = 5.0;
				TARGETED_DEVICE_FAMILY = "1,2";
				TEST_TARGET_NAME = PixabayApp;
			};
			name = Debug;
		};
		6A2FCB502B0CB988005F77E1 /* Release */ = {
			isa = XCBuildConfiguration;
			baseConfigurationReference = 9E919580DE8511224FCEAA5D /* Pods-PixabayApp-PixabayAppUITests.release.xcconfig */;
			buildSettings = {
				ALWAYS_EMBED_SWIFT_STANDARD_LIBRARIES = YES;
				CODE_SIGN_STYLE = Automatic;
				CURRENT_PROJECT_VERSION = 1;
				DEVELOPMENT_TEAM = CB6VC9Q2Z4;
				GENERATE_INFOPLIST_FILE = YES;
				MARKETING_VERSION = 1.0;
				PRODUCT_BUNDLE_IDENTIFIER = com.PixabayAppUITests;
				PRODUCT_NAME = "$(TARGET_NAME)";
				SWIFT_EMIT_LOC_STRINGS = NO;
				SWIFT_VERSION = 5.0;
				TARGETED_DEVICE_FAMILY = "1,2";
				TEST_TARGET_NAME = PixabayApp;
			};
			name = Release;
		};
/* End XCBuildConfiguration section */

/* Begin XCConfigurationList section */
		6A2FCB192B0CB986005F77E1 /* Build configuration list for PBXProject "PixabayApp" */ = {
			isa = XCConfigurationList;
			buildConfigurations = (
				6A2FCB462B0CB988005F77E1 /* Debug */,
				6A2FCB472B0CB988005F77E1 /* Release */,
			);
			defaultConfigurationIsVisible = 0;
			defaultConfigurationName = Release;
		};
		6A2FCB482B0CB988005F77E1 /* Build configuration list for PBXNativeTarget "PixabayApp" */ = {
			isa = XCConfigurationList;
			buildConfigurations = (
				6A2FCB492B0CB988005F77E1 /* Debug */,
				6A2FCB4A2B0CB988005F77E1 /* Release */,
			);
			defaultConfigurationIsVisible = 0;
			defaultConfigurationName = Release;
		};
		6A2FCB4B2B0CB988005F77E1 /* Build configuration list for PBXNativeTarget "PixabayAppTests" */ = {
			isa = XCConfigurationList;
			buildConfigurations = (
				6A2FCB4C2B0CB988005F77E1 /* Debug */,
				6A2FCB4D2B0CB988005F77E1 /* Release */,
			);
			defaultConfigurationIsVisible = 0;
			defaultConfigurationName = Release;
		};
		6A2FCB4E2B0CB988005F77E1 /* Build configuration list for PBXNativeTarget "PixabayAppUITests" */ = {
			isa = XCConfigurationList;
			buildConfigurations = (
				6A2FCB4F2B0CB988005F77E1 /* Debug */,
				6A2FCB502B0CB988005F77E1 /* Release */,
			);
			defaultConfigurationIsVisible = 0;
			defaultConfigurationName = Release;
		};
/* End XCConfigurationList section */
	};
	rootObject = 6A2FCB162B0CB986005F77E1 /* Project object */;
}
